// !$*UTF8*$!
{
	archiveVersion = 1;
	classes = {
	};
	objectVersion = 50;
	objects = {

/* Begin PBXBuildFile section */
		6A3BDCA4CFB6F1547521DD46 /* Pods_TyperMemo.framework in Frameworks */ = {isa = PBXBuildFile; fileRef = DDA781FEA10E5CCA1B0D7444 /* Pods_TyperMemo.framework */; };
		7D2F36778946D0BF92C8463A /* Pods_TyperMemoUITests.framework in Frameworks */ = {isa = PBXBuildFile; fileRef = ABA69393FEE8E1302993682E /* Pods_TyperMemoUITests.framework */; };
		BD1C7FA6214E661D00C58B67 /* RealmSpec.swift in Sources */ = {isa = PBXBuildFile; fileRef = BD1C7FA5214E661D00C58B67 /* RealmSpec.swift */; };
		BD1C7FA8214E68E600C58B67 /* MemoTest.swift in Sources */ = {isa = PBXBuildFile; fileRef = BD1C7FA7214E68E600C58B67 /* MemoTest.swift */; };
		BD1C7FB0214E819700C58B67 /* LabelTest.swift in Sources */ = {isa = PBXBuildFile; fileRef = BD1C7FAF214E819700C58B67 /* LabelTest.swift */; };
		BD4723C5214E8FE8002D84D2 /* ColorTheme.swift in Sources */ = {isa = PBXBuildFile; fileRef = BD4723C4214E8FE8002D84D2 /* ColorTheme.swift */; };
		BD4723C7214E90C4002D84D2 /* ColorThemeTest.swift in Sources */ = {isa = PBXBuildFile; fileRef = BD4723C6214E90C4002D84D2 /* ColorThemeTest.swift */; };
		BD4723CF214F2E28002D84D2 /* UIColor+Hex.swift in Sources */ = {isa = PBXBuildFile; fileRef = BD4723CE214F2E28002D84D2 /* UIColor+Hex.swift */; };
		BD780E20214C9CD300FA9FDF /* Memo.swift in Sources */ = {isa = PBXBuildFile; fileRef = BD780E1F214C9CD300FA9FDF /* Memo.swift */; };
		BD780E26214C9F7100FA9FDF /* CheckItem.swift in Sources */ = {isa = PBXBuildFile; fileRef = BD780E25214C9F7100FA9FDF /* CheckItem.swift */; };
		BD780E28214CA10200FA9FDF /* Label.swift in Sources */ = {isa = PBXBuildFile; fileRef = BD780E27214CA10200FA9FDF /* Label.swift */; };
		BD81DDE0214C854000526054 /* AppDelegate.swift in Sources */ = {isa = PBXBuildFile; fileRef = BD81DDDF214C854000526054 /* AppDelegate.swift */; };
		BD81DDE2214C854000526054 /* ViewController.swift in Sources */ = {isa = PBXBuildFile; fileRef = BD81DDE1214C854000526054 /* ViewController.swift */; };
		BD81DDE5214C854000526054 /* Main.storyboard in Resources */ = {isa = PBXBuildFile; fileRef = BD81DDE3214C854000526054 /* Main.storyboard */; };
		BD81DDE8214C854000526054 /* TyperMemo.xcdatamodeld in Sources */ = {isa = PBXBuildFile; fileRef = BD81DDE6214C854000526054 /* TyperMemo.xcdatamodeld */; };
		BD81DDEA214C854100526054 /* Assets.xcassets in Resources */ = {isa = PBXBuildFile; fileRef = BD81DDE9214C854100526054 /* Assets.xcassets */; };
		BD81DDED214C854100526054 /* LaunchScreen.storyboard in Resources */ = {isa = PBXBuildFile; fileRef = BD81DDEB214C854100526054 /* LaunchScreen.storyboard */; };
		BD81DDF8214C854100526054 /* TyperMemoTests.swift in Sources */ = {isa = PBXBuildFile; fileRef = BD81DDF7214C854100526054 /* TyperMemoTests.swift */; };
		BD81DE03214C854200526054 /* TyperMemoUITests.swift in Sources */ = {isa = PBXBuildFile; fileRef = BD81DE02214C854200526054 /* TyperMemoUITests.swift */; };
		BD81DE19214C8E7F00526054 /* color.txt in Resources */ = {isa = PBXBuildFile; fileRef = BD81DE18214C8E7F00526054 /* color.txt */; };
		BD81DE2F214C900300526054 /* Localizable.strings .strings in Resources */ = {isa = PBXBuildFile; fileRef = BD81DE31214C900300526054 /* Localizable.strings .strings */; };
		BD81DE38214C903000526054 /* Assets.swift in Sources */ = {isa = PBXBuildFile; fileRef = BD81DE35214C903000526054 /* Assets.swift */; };
		BD81DE39214C903000526054 /* L10n.swift in Sources */ = {isa = PBXBuildFile; fileRef = BD81DE36214C903000526054 /* L10n.swift */; };
		BD81DE3A214C903000526054 /* MyColor.swift in Sources */ = {isa = PBXBuildFile; fileRef = BD81DE37214C903000526054 /* MyColor.swift */; };
		BD9050BC214F581300425C8D /* RealmSwift.framework in Frameworks */ = {isa = PBXBuildFile; fileRef = BD9050BB214F581300425C8D /* RealmSwift.framework */; };
		BD9050BD214F584300425C8D /* RealmSwift.framework in Frameworks */ = {isa = PBXBuildFile; fileRef = BD9050BB214F581300425C8D /* RealmSwift.framework */; };
		C5C96A95A1714223D68E9E46 /* Pods_TyperMemoTests.framework in Frameworks */ = {isa = PBXBuildFile; fileRef = 02BFA87AD059AEEDB7D8E415 /* Pods_TyperMemoTests.framework */; };
/* End PBXBuildFile section */

/* Begin PBXContainerItemProxy section */
		BD81DDF4214C854100526054 /* PBXContainerItemProxy */ = {
			isa = PBXContainerItemProxy;
			containerPortal = BD81DDD4214C854000526054 /* Project object */;
			proxyType = 1;
			remoteGlobalIDString = BD81DDDB214C854000526054;
			remoteInfo = TyperMemo;
		};
		BD81DDFF214C854200526054 /* PBXContainerItemProxy */ = {
			isa = PBXContainerItemProxy;
			containerPortal = BD81DDD4214C854000526054 /* Project object */;
			proxyType = 1;
			remoteGlobalIDString = BD81DDDB214C854000526054;
			remoteInfo = TyperMemo;
		};
/* End PBXContainerItemProxy section */

/* Begin PBXFileReference section */
		006F8AE46E189167BAF12D0E /* Pods-TyperMemoUITests.release.xcconfig */ = {isa = PBXFileReference; includeInIndex = 1; lastKnownFileType = text.xcconfig; name = "Pods-TyperMemoUITests.release.xcconfig"; path = "Pods/Target Support Files/Pods-TyperMemoUITests/Pods-TyperMemoUITests.release.xcconfig"; sourceTree = "<group>"; };
		02BFA87AD059AEEDB7D8E415 /* Pods_TyperMemoTests.framework */ = {isa = PBXFileReference; explicitFileType = wrapper.framework; includeInIndex = 0; path = Pods_TyperMemoTests.framework; sourceTree = BUILT_PRODUCTS_DIR; };
		140F670253CFD21A1DB0D703 /* Pods-TyperMemo.release.xcconfig */ = {isa = PBXFileReference; includeInIndex = 1; lastKnownFileType = text.xcconfig; name = "Pods-TyperMemo.release.xcconfig"; path = "Pods/Target Support Files/Pods-TyperMemo/Pods-TyperMemo.release.xcconfig"; sourceTree = "<group>"; };
		3456891B03C77DE9BD59E7AD /* Pods-TyperMemoTests.release.xcconfig */ = {isa = PBXFileReference; includeInIndex = 1; lastKnownFileType = text.xcconfig; name = "Pods-TyperMemoTests.release.xcconfig"; path = "Pods/Target Support Files/Pods-TyperMemoTests/Pods-TyperMemoTests.release.xcconfig"; sourceTree = "<group>"; };
		3A314C1A929D40263F2969F0 /* Pods-TyperMemo.debug.xcconfig */ = {isa = PBXFileReference; includeInIndex = 1; lastKnownFileType = text.xcconfig; name = "Pods-TyperMemo.debug.xcconfig"; path = "Pods/Target Support Files/Pods-TyperMemo/Pods-TyperMemo.debug.xcconfig"; sourceTree = "<group>"; };
		94A36D3E079F46FF3E7E270E /* Pods-TyperMemoTests.debug.xcconfig */ = {isa = PBXFileReference; includeInIndex = 1; lastKnownFileType = text.xcconfig; name = "Pods-TyperMemoTests.debug.xcconfig"; path = "Pods/Target Support Files/Pods-TyperMemoTests/Pods-TyperMemoTests.debug.xcconfig"; sourceTree = "<group>"; };
		ABA69393FEE8E1302993682E /* Pods_TyperMemoUITests.framework */ = {isa = PBXFileReference; explicitFileType = wrapper.framework; includeInIndex = 0; path = Pods_TyperMemoUITests.framework; sourceTree = BUILT_PRODUCTS_DIR; };
		BD1C7FA5214E661D00C58B67 /* RealmSpec.swift */ = {isa = PBXFileReference; fileEncoding = 4; lastKnownFileType = sourcecode.swift; path = RealmSpec.swift; sourceTree = "<group>"; };
		BD1C7FA7214E68E600C58B67 /* MemoTest.swift */ = {isa = PBXFileReference; lastKnownFileType = sourcecode.swift; path = MemoTest.swift; sourceTree = "<group>"; };
		BD1C7FAF214E819700C58B67 /* LabelTest.swift */ = {isa = PBXFileReference; lastKnownFileType = sourcecode.swift; path = LabelTest.swift; sourceTree = "<group>"; };
		BD4723C4214E8FE8002D84D2 /* ColorTheme.swift */ = {isa = PBXFileReference; lastKnownFileType = sourcecode.swift; path = ColorTheme.swift; sourceTree = "<group>"; };
		BD4723C6214E90C4002D84D2 /* ColorThemeTest.swift */ = {isa = PBXFileReference; lastKnownFileType = sourcecode.swift; path = ColorThemeTest.swift; sourceTree = "<group>"; };
		BD4723CE214F2E28002D84D2 /* UIColor+Hex.swift */ = {isa = PBXFileReference; lastKnownFileType = sourcecode.swift; path = "UIColor+Hex.swift"; sourceTree = "<group>"; };
		BD780E1F214C9CD300FA9FDF /* Memo.swift */ = {isa = PBXFileReference; lastKnownFileType = sourcecode.swift; path = Memo.swift; sourceTree = "<group>"; };
		BD780E25214C9F7100FA9FDF /* CheckItem.swift */ = {isa = PBXFileReference; lastKnownFileType = sourcecode.swift; path = CheckItem.swift; sourceTree = "<group>"; };
		BD780E27214CA10200FA9FDF /* Label.swift */ = {isa = PBXFileReference; lastKnownFileType = sourcecode.swift; path = Label.swift; sourceTree = "<group>"; };
		BD81DDDC214C854000526054 /* TyperMemo.app */ = {isa = PBXFileReference; explicitFileType = wrapper.application; includeInIndex = 0; path = TyperMemo.app; sourceTree = BUILT_PRODUCTS_DIR; };
		BD81DDDF214C854000526054 /* AppDelegate.swift */ = {isa = PBXFileReference; lastKnownFileType = sourcecode.swift; path = AppDelegate.swift; sourceTree = "<group>"; };
		BD81DDE1214C854000526054 /* ViewController.swift */ = {isa = PBXFileReference; lastKnownFileType = sourcecode.swift; path = ViewController.swift; sourceTree = "<group>"; };
		BD81DDE4214C854000526054 /* Base */ = {isa = PBXFileReference; lastKnownFileType = file.storyboard; name = Base; path = Base.lproj/Main.storyboard; sourceTree = "<group>"; };
		BD81DDE7214C854000526054 /* TyperMemo.xcdatamodel */ = {isa = PBXFileReference; lastKnownFileType = wrapper.xcdatamodel; path = TyperMemo.xcdatamodel; sourceTree = "<group>"; };
		BD81DDE9214C854100526054 /* Assets.xcassets */ = {isa = PBXFileReference; lastKnownFileType = folder.assetcatalog; path = Assets.xcassets; sourceTree = "<group>"; };
		BD81DDEC214C854100526054 /* Base */ = {isa = PBXFileReference; lastKnownFileType = file.storyboard; name = Base; path = Base.lproj/LaunchScreen.storyboard; sourceTree = "<group>"; };
		BD81DDEE214C854100526054 /* Info.plist */ = {isa = PBXFileReference; lastKnownFileType = text.plist.xml; path = Info.plist; sourceTree = "<group>"; };
		BD81DDF3214C854100526054 /* TyperMemoTests.xctest */ = {isa = PBXFileReference; explicitFileType = wrapper.cfbundle; includeInIndex = 0; path = TyperMemoTests.xctest; sourceTree = BUILT_PRODUCTS_DIR; };
		BD81DDF7214C854100526054 /* TyperMemoTests.swift */ = {isa = PBXFileReference; lastKnownFileType = sourcecode.swift; path = TyperMemoTests.swift; sourceTree = "<group>"; };
		BD81DDF9214C854100526054 /* Info.plist */ = {isa = PBXFileReference; lastKnownFileType = text.plist.xml; path = Info.plist; sourceTree = "<group>"; };
		BD81DDFE214C854200526054 /* TyperMemoUITests.xctest */ = {isa = PBXFileReference; explicitFileType = wrapper.cfbundle; includeInIndex = 0; path = TyperMemoUITests.xctest; sourceTree = BUILT_PRODUCTS_DIR; };
		BD81DE02214C854200526054 /* TyperMemoUITests.swift */ = {isa = PBXFileReference; lastKnownFileType = sourcecode.swift; path = TyperMemoUITests.swift; sourceTree = "<group>"; };
		BD81DE04214C854200526054 /* Info.plist */ = {isa = PBXFileReference; lastKnownFileType = text.plist.xml; path = Info.plist; sourceTree = "<group>"; };
		BD81DE18214C8E7F00526054 /* color.txt */ = {isa = PBXFileReference; fileEncoding = 4; lastKnownFileType = text; path = color.txt; sourceTree = "<group>"; };
		BD81DE2D214C8FE900526054 /* ko */ = {isa = PBXFileReference; lastKnownFileType = text.plist.strings; name = ko; path = ko.lproj/Main.strings; sourceTree = "<group>"; };
		BD81DE2E214C8FE900526054 /* ko */ = {isa = PBXFileReference; lastKnownFileType = text.plist.strings; name = ko; path = ko.lproj/LaunchScreen.strings; sourceTree = "<group>"; };
		BD81DE30214C900300526054 /* en */ = {isa = PBXFileReference; lastKnownFileType = text.plist.strings; name = en; path = "en.lproj/Localizable.strings .strings"; sourceTree = "<group>"; };
		BD81DE32214C900400526054 /* ko */ = {isa = PBXFileReference; lastKnownFileType = text.plist.strings; name = ko; path = "ko.lproj/Localizable.strings .strings"; sourceTree = "<group>"; };
		BD81DE33214C900A00526054 /* Base */ = {isa = PBXFileReference; lastKnownFileType = text.plist.strings; name = Base; path = "Base.lproj/Localizable.strings .strings"; sourceTree = "<group>"; };
		BD81DE35214C903000526054 /* Assets.swift */ = {isa = PBXFileReference; fileEncoding = 4; lastKnownFileType = sourcecode.swift; path = Assets.swift; sourceTree = "<group>"; };
		BD81DE36214C903000526054 /* L10n.swift */ = {isa = PBXFileReference; fileEncoding = 4; lastKnownFileType = sourcecode.swift; path = L10n.swift; sourceTree = "<group>"; };
		BD81DE37214C903000526054 /* MyColor.swift */ = {isa = PBXFileReference; fileEncoding = 4; lastKnownFileType = sourcecode.swift; path = MyColor.swift; sourceTree = "<group>"; };
		BD9050B9214F580700425C8D /* RealmSwift.framework.dSYM */ = {isa = PBXFileReference; lastKnownFileType = wrapper.dsym; name = RealmSwift.framework.dSYM; path = Carthage/Build/iOS/RealmSwift.framework.dSYM; sourceTree = "<group>"; };
		BD9050BB214F581300425C8D /* RealmSwift.framework */ = {isa = PBXFileReference; lastKnownFileType = wrapper.framework; name = RealmSwift.framework; path = Carthage/Build/iOS/RealmSwift.framework; sourceTree = "<group>"; };
		DDA781FEA10E5CCA1B0D7444 /* Pods_TyperMemo.framework */ = {isa = PBXFileReference; explicitFileType = wrapper.framework; includeInIndex = 0; path = Pods_TyperMemo.framework; sourceTree = BUILT_PRODUCTS_DIR; };
		E195EA646989D473F3C0C519 /* Pods-TyperMemoUITests.debug.xcconfig */ = {isa = PBXFileReference; includeInIndex = 1; lastKnownFileType = text.xcconfig; name = "Pods-TyperMemoUITests.debug.xcconfig"; path = "Pods/Target Support Files/Pods-TyperMemoUITests/Pods-TyperMemoUITests.debug.xcconfig"; sourceTree = "<group>"; };
/* End PBXFileReference section */

/* Begin PBXFrameworksBuildPhase section */
		BD81DDD9214C854000526054 /* Frameworks */ = {
			isa = PBXFrameworksBuildPhase;
			buildActionMask = 2147483647;
			files = (
				6A3BDCA4CFB6F1547521DD46 /* Pods_TyperMemo.framework in Frameworks */,
			);
			runOnlyForDeploymentPostprocessing = 0;
		};
		BD81DDF0214C854100526054 /* Frameworks */ = {
			isa = PBXFrameworksBuildPhase;
			buildActionMask = 2147483647;
			files = (
				BD9050BC214F581300425C8D /* RealmSwift.framework in Frameworks */,
				C5C96A95A1714223D68E9E46 /* Pods_TyperMemoTests.framework in Frameworks */,
			);
			runOnlyForDeploymentPostprocessing = 0;
		};
		BD81DDFB214C854200526054 /* Frameworks */ = {
			isa = PBXFrameworksBuildPhase;
			buildActionMask = 2147483647;
			files = (
				BD9050BD214F584300425C8D /* RealmSwift.framework in Frameworks */,
				7D2F36778946D0BF92C8463A /* Pods_TyperMemoUITests.framework in Frameworks */,
			);
			runOnlyForDeploymentPostprocessing = 0;
		};
/* End PBXFrameworksBuildPhase section */

/* Begin PBXGroup section */
		44DCBEA593D0A2D6E39A8006 /* Frameworks */ = {
			isa = PBXGroup;
			children = (
				BD9050BB214F581300425C8D /* RealmSwift.framework */,
				BD9050B9214F580700425C8D /* RealmSwift.framework.dSYM */,
				DDA781FEA10E5CCA1B0D7444 /* Pods_TyperMemo.framework */,
				02BFA87AD059AEEDB7D8E415 /* Pods_TyperMemoTests.framework */,
				ABA69393FEE8E1302993682E /* Pods_TyperMemoUITests.framework */,
			);
			name = Frameworks;
			sourceTree = "<group>";
		};
		BD780E1E214C9CC000FA9FDF /* DataBase */ = {
			isa = PBXGroup;
			children = (
				BD780E1F214C9CD300FA9FDF /* Memo.swift */,
				BD780E25214C9F7100FA9FDF /* CheckItem.swift */,
				BD780E27214CA10200FA9FDF /* Label.swift */,
				BD4723C4214E8FE8002D84D2 /* ColorTheme.swift */,
			);
			path = DataBase;
			sourceTree = "<group>";
		};
		BD81DDD3214C854000526054 = {
			isa = PBXGroup;
			children = (
				BD81DDDE214C854000526054 /* Source */,
				BD81DDF6214C854100526054 /* TyperMemoTests */,
				BD81DE01214C854200526054 /* TyperMemoUITests */,
				BD81DDDD214C854000526054 /* Products */,
				F2DA7943BD69E1932B60FF88 /* Pods */,
				44DCBEA593D0A2D6E39A8006 /* Frameworks */,
			);
			sourceTree = "<group>";
		};
		BD81DDDD214C854000526054 /* Products */ = {
			isa = PBXGroup;
			children = (
				BD81DDDC214C854000526054 /* TyperMemo.app */,
				BD81DDF3214C854100526054 /* TyperMemoTests.xctest */,
				BD81DDFE214C854200526054 /* TyperMemoUITests.xctest */,
			);
			name = Products;
			sourceTree = "<group>";
		};
		BD81DDDE214C854000526054 /* Source */ = {
			isa = PBXGroup;
			children = (
				BD780E1E214C9CC000FA9FDF /* DataBase */,
				BD81DE34214C903000526054 /* Generated */,
				BD81DE10214C857100526054 /* Supporting Files */,
				BD81DDDF214C854000526054 /* AppDelegate.swift */,
				BD81DDE1214C854000526054 /* ViewController.swift */,
				BD4723CE214F2E28002D84D2 /* UIColor+Hex.swift */,
			);
			path = Source;
			sourceTree = "<group>";
		};
		BD81DDF6214C854100526054 /* TyperMemoTests */ = {
			isa = PBXGroup;
			children = (
				BD4723C6214E90C4002D84D2 /* ColorThemeTest.swift */,
				BD1C7FAF214E819700C58B67 /* LabelTest.swift */,
				BD1C7FA7214E68E600C58B67 /* MemoTest.swift */,
				BD1C7FA5214E661D00C58B67 /* RealmSpec.swift */,
				BD81DDF7214C854100526054 /* TyperMemoTests.swift */,
				BD81DDF9214C854100526054 /* Info.plist */,
			);
			path = TyperMemoTests;
			sourceTree = "<group>";
		};
		BD81DE01214C854200526054 /* TyperMemoUITests */ = {
			isa = PBXGroup;
			children = (
				BD81DE02214C854200526054 /* TyperMemoUITests.swift */,
				BD81DE04214C854200526054 /* Info.plist */,
			);
			path = TyperMemoUITests;
			sourceTree = "<group>";
		};
		BD81DE10214C857100526054 /* Supporting Files */ = {
			isa = PBXGroup;
			children = (
				BD81DE18214C8E7F00526054 /* color.txt */,
				BD81DDE6214C854000526054 /* TyperMemo.xcdatamodeld */,
				BD81DDE3214C854000526054 /* Main.storyboard */,
				BD81DDE9214C854100526054 /* Assets.xcassets */,
				BD81DDEB214C854100526054 /* LaunchScreen.storyboard */,
				BD81DDEE214C854100526054 /* Info.plist */,
				BD81DE31214C900300526054 /* Localizable.strings .strings */,
			);
			name = "Supporting Files";
			sourceTree = "<group>";
		};
		BD81DE34214C903000526054 /* Generated */ = {
			isa = PBXGroup;
			children = (
				BD81DE35214C903000526054 /* Assets.swift */,
				BD81DE36214C903000526054 /* L10n.swift */,
				BD81DE37214C903000526054 /* MyColor.swift */,
			);
			path = Generated;
			sourceTree = "<group>";
		};
		F2DA7943BD69E1932B60FF88 /* Pods */ = {
			isa = PBXGroup;
			children = (
				3A314C1A929D40263F2969F0 /* Pods-TyperMemo.debug.xcconfig */,
				140F670253CFD21A1DB0D703 /* Pods-TyperMemo.release.xcconfig */,
				94A36D3E079F46FF3E7E270E /* Pods-TyperMemoTests.debug.xcconfig */,
				3456891B03C77DE9BD59E7AD /* Pods-TyperMemoTests.release.xcconfig */,
				E195EA646989D473F3C0C519 /* Pods-TyperMemoUITests.debug.xcconfig */,
				006F8AE46E189167BAF12D0E /* Pods-TyperMemoUITests.release.xcconfig */,
			);
			name = Pods;
			sourceTree = "<group>";
		};
/* End PBXGroup section */

/* Begin PBXNativeTarget section */
		BD81DDDB214C854000526054 /* TyperMemo */ = {
			isa = PBXNativeTarget;
			buildConfigurationList = BD81DE07214C854200526054 /* Build configuration list for PBXNativeTarget "TyperMemo" */;
			buildPhases = (
				CF42814D86C14D1202CAD488 /* [CP] Check Pods Manifest.lock */,
				BD81DE17214C8DFD00526054 /* Run SwiftGen */,
				BD1C7FA0214E605500C58B67 /* Set version number */,
				BD81DDD8214C854000526054 /* Sources */,
				BD81DDD9214C854000526054 /* Frameworks */,
				BD81DDDA214C854000526054 /* Resources */,
				0F9B334298E842693965185B /* [CP] Embed Pods Frameworks */,
				E00C3A8F30CB21DD53EBE5D3 /* [CP] Copy Pods Resources */,
				BD81DE11214C898800526054 /* Copy Carthage Resources */,
				BD81DE3B214C91B500526054 /* Run SwiftLint */,
			);
			buildRules = (
			);
			dependencies = (
			);
			name = TyperMemo;
			productName = TyperMemo;
			productReference = BD81DDDC214C854000526054 /* TyperMemo.app */;
			productType = "com.apple.product-type.application";
		};
		BD81DDF2214C854100526054 /* TyperMemoTests */ = {
			isa = PBXNativeTarget;
			buildConfigurationList = BD81DE0A214C854200526054 /* Build configuration list for PBXNativeTarget "TyperMemoTests" */;
			buildPhases = (
				BA4DFC23B009E0DB02F748D7 /* [CP] Check Pods Manifest.lock */,
				BD81DDEF214C854100526054 /* Sources */,
				BD81DDF0214C854100526054 /* Frameworks */,
				BD81DDF1214C854100526054 /* Resources */,
				E0BE9881F6FF72469A4C409E /* [CP] Embed Pods Frameworks */,
				3237041E6C4A1230EA68D561 /* [CP] Copy Pods Resources */,
			);
			buildRules = (
			);
			dependencies = (
				BD81DDF5214C854100526054 /* PBXTargetDependency */,
			);
			name = TyperMemoTests;
			productName = TyperMemoTests;
			productReference = BD81DDF3214C854100526054 /* TyperMemoTests.xctest */;
			productType = "com.apple.product-type.bundle.unit-test";
		};
		BD81DDFD214C854200526054 /* TyperMemoUITests */ = {
			isa = PBXNativeTarget;
			buildConfigurationList = BD81DE0D214C854200526054 /* Build configuration list for PBXNativeTarget "TyperMemoUITests" */;
			buildPhases = (
				B7A05CEC63BE3FBDAB8E6C8F /* [CP] Check Pods Manifest.lock */,
				BD81DDFA214C854200526054 /* Sources */,
				BD81DDFB214C854200526054 /* Frameworks */,
				BD81DDFC214C854200526054 /* Resources */,
				4ABA70FB076000AA9DF632CD /* [CP] Embed Pods Frameworks */,
				2FB644C91F6E5E73EDD5806C /* [CP] Copy Pods Resources */,
			);
			buildRules = (
			);
			dependencies = (
				BD81DE00214C854200526054 /* PBXTargetDependency */,
			);
			name = TyperMemoUITests;
			productName = TyperMemoUITests;
			productReference = BD81DDFE214C854200526054 /* TyperMemoUITests.xctest */;
			productType = "com.apple.product-type.bundle.ui-testing";
		};
/* End PBXNativeTarget section */

/* Begin PBXProject section */
		BD81DDD4214C854000526054 /* Project object */ = {
			isa = PBXProject;
			attributes = {
				LastSwiftUpdateCheck = 0940;
				LastUpgradeCheck = 0940;
				ORGANIZATIONNAME = tskim;
				TargetAttributes = {
					BD81DDDB214C854000526054 = {
						CreatedOnToolsVersion = 9.4.1;
					};
					BD81DDF2214C854100526054 = {
						CreatedOnToolsVersion = 9.4.1;
						TestTargetID = BD81DDDB214C854000526054;
					};
					BD81DDFD214C854200526054 = {
						CreatedOnToolsVersion = 9.4.1;
						TestTargetID = BD81DDDB214C854000526054;
					};
				};
			};
			buildConfigurationList = BD81DDD7214C854000526054 /* Build configuration list for PBXProject "TyperMemo" */;
			compatibilityVersion = "Xcode 9.3";
			developmentRegion = en;
			hasScannedForEncodings = 0;
			knownRegions = (
				en,
				Base,
				ko,
			);
			mainGroup = BD81DDD3214C854000526054;
			productRefGroup = BD81DDDD214C854000526054 /* Products */;
			projectDirPath = "";
			projectRoot = "";
			targets = (
				BD81DDDB214C854000526054 /* TyperMemo */,
				BD81DDF2214C854100526054 /* TyperMemoTests */,
				BD81DDFD214C854200526054 /* TyperMemoUITests */,
			);
		};
/* End PBXProject section */

/* Begin PBXResourcesBuildPhase section */
		BD81DDDA214C854000526054 /* Resources */ = {
			isa = PBXResourcesBuildPhase;
			buildActionMask = 2147483647;
			files = (
				BD81DDED214C854100526054 /* LaunchScreen.storyboard in Resources */,
				BD81DDEA214C854100526054 /* Assets.xcassets in Resources */,
				BD81DE2F214C900300526054 /* Localizable.strings .strings in Resources */,
				BD81DE19214C8E7F00526054 /* color.txt in Resources */,
				BD81DDE5214C854000526054 /* Main.storyboard in Resources */,
			);
			runOnlyForDeploymentPostprocessing = 0;
		};
		BD81DDF1214C854100526054 /* Resources */ = {
			isa = PBXResourcesBuildPhase;
			buildActionMask = 2147483647;
			files = (
			);
			runOnlyForDeploymentPostprocessing = 0;
		};
		BD81DDFC214C854200526054 /* Resources */ = {
			isa = PBXResourcesBuildPhase;
			buildActionMask = 2147483647;
			files = (
			);
			runOnlyForDeploymentPostprocessing = 0;
		};
/* End PBXResourcesBuildPhase section */

/* Begin PBXShellScriptBuildPhase section */
		0F9B334298E842693965185B /* [CP] Embed Pods Frameworks */ = {
			isa = PBXShellScriptBuildPhase;
			buildActionMask = 2147483647;
			files = (
			);
			inputPaths = (
				"${SRCROOT}/Pods/Target Support Files/Pods-TyperMemo/Pods-TyperMemo-frameworks.sh",
				"${BUILT_PRODUCTS_DIR}/ReactorKit/ReactorKit.framework",
				"${BUILT_PRODUCTS_DIR}/RxSwift/RxSwift.framework",
				"${BUILT_PRODUCTS_DIR}/Then/Then.framework",
			);
			name = "[CP] Embed Pods Frameworks";
			outputPaths = (
				"${TARGET_BUILD_DIR}/${FRAMEWORKS_FOLDER_PATH}/ReactorKit.framework",
				"${TARGET_BUILD_DIR}/${FRAMEWORKS_FOLDER_PATH}/RxSwift.framework",
				"${TARGET_BUILD_DIR}/${FRAMEWORKS_FOLDER_PATH}/Then.framework",
			);
			runOnlyForDeploymentPostprocessing = 0;
			shellPath = /bin/sh;
			shellScript = "\"${SRCROOT}/Pods/Target Support Files/Pods-TyperMemo/Pods-TyperMemo-frameworks.sh\"\n";
			showEnvVarsInLog = 0;
		};
		2FB644C91F6E5E73EDD5806C /* [CP] Copy Pods Resources */ = {
			isa = PBXShellScriptBuildPhase;
			buildActionMask = 2147483647;
			files = (
			);
			inputPaths = (
			);
			name = "[CP] Copy Pods Resources";
			outputPaths = (
			);
			runOnlyForDeploymentPostprocessing = 0;
			shellPath = /bin/sh;
			shellScript = "\"${SRCROOT}/Pods/Target Support Files/Pods-TyperMemoUITests/Pods-TyperMemoUITests-resources.sh\"\n";
			showEnvVarsInLog = 0;
		};
		3237041E6C4A1230EA68D561 /* [CP] Copy Pods Resources */ = {
			isa = PBXShellScriptBuildPhase;
			buildActionMask = 2147483647;
			files = (
			);
			inputPaths = (
			);
			name = "[CP] Copy Pods Resources";
			outputPaths = (
			);
			runOnlyForDeploymentPostprocessing = 0;
			shellPath = /bin/sh;
			shellScript = "\"${SRCROOT}/Pods/Target Support Files/Pods-TyperMemoTests/Pods-TyperMemoTests-resources.sh\"\n";
			showEnvVarsInLog = 0;
		};
		4ABA70FB076000AA9DF632CD /* [CP] Embed Pods Frameworks */ = {
			isa = PBXShellScriptBuildPhase;
			buildActionMask = 2147483647;
			files = (
			);
			inputPaths = (
				"${SRCROOT}/Pods/Target Support Files/Pods-TyperMemoUITests/Pods-TyperMemoUITests-frameworks.sh",
				"${BUILT_PRODUCTS_DIR}/Nimble/Nimble.framework",
				"${BUILT_PRODUCTS_DIR}/Quick/Quick.framework",
			);
			name = "[CP] Embed Pods Frameworks";
			outputPaths = (
				"${TARGET_BUILD_DIR}/${FRAMEWORKS_FOLDER_PATH}/Nimble.framework",
				"${TARGET_BUILD_DIR}/${FRAMEWORKS_FOLDER_PATH}/Quick.framework",
			);
			runOnlyForDeploymentPostprocessing = 0;
			shellPath = /bin/sh;
			shellScript = "\"${SRCROOT}/Pods/Target Support Files/Pods-TyperMemoUITests/Pods-TyperMemoUITests-frameworks.sh\"\n";
			showEnvVarsInLog = 0;
		};
		B7A05CEC63BE3FBDAB8E6C8F /* [CP] Check Pods Manifest.lock */ = {
			isa = PBXShellScriptBuildPhase;
			buildActionMask = 2147483647;
			files = (
			);
			inputPaths = (
				"${PODS_PODFILE_DIR_PATH}/Podfile.lock",
				"${PODS_ROOT}/Manifest.lock",
			);
			name = "[CP] Check Pods Manifest.lock";
			outputPaths = (
				"$(DERIVED_FILE_DIR)/Pods-TyperMemoUITests-checkManifestLockResult.txt",
			);
			runOnlyForDeploymentPostprocessing = 0;
			shellPath = /bin/sh;
			shellScript = "diff \"${PODS_PODFILE_DIR_PATH}/Podfile.lock\" \"${PODS_ROOT}/Manifest.lock\" > /dev/null\nif [ $? != 0 ] ; then\n    # print error to STDERR\n    echo \"error: The sandbox is not in sync with the Podfile.lock. Run 'pod install' or update your CocoaPods installation.\" >&2\n    exit 1\nfi\n# This output is used by Xcode 'outputs' to avoid re-running this script phase.\necho \"SUCCESS\" > \"${SCRIPT_OUTPUT_FILE_0}\"\n";
			showEnvVarsInLog = 0;
		};
		BA4DFC23B009E0DB02F748D7 /* [CP] Check Pods Manifest.lock */ = {
			isa = PBXShellScriptBuildPhase;
			buildActionMask = 2147483647;
			files = (
			);
			inputPaths = (
				"${PODS_PODFILE_DIR_PATH}/Podfile.lock",
				"${PODS_ROOT}/Manifest.lock",
			);
			name = "[CP] Check Pods Manifest.lock";
			outputPaths = (
				"$(DERIVED_FILE_DIR)/Pods-TyperMemoTests-checkManifestLockResult.txt",
			);
			runOnlyForDeploymentPostprocessing = 0;
			shellPath = /bin/sh;
			shellScript = "diff \"${PODS_PODFILE_DIR_PATH}/Podfile.lock\" \"${PODS_ROOT}/Manifest.lock\" > /dev/null\nif [ $? != 0 ] ; then\n    # print error to STDERR\n    echo \"error: The sandbox is not in sync with the Podfile.lock. Run 'pod install' or update your CocoaPods installation.\" >&2\n    exit 1\nfi\n# This output is used by Xcode 'outputs' to avoid re-running this script phase.\necho \"SUCCESS\" > \"${SCRIPT_OUTPUT_FILE_0}\"\n";
			showEnvVarsInLog = 0;
		};
		BD1C7FA0214E605500C58B67 /* Set version number */ = {
			isa = PBXShellScriptBuildPhase;
			buildActionMask = 2147483647;
			files = (
			);
			inputPaths = (
			);
			name = "Set version number";
			outputPaths = (
			);
			runOnlyForDeploymentPostprocessing = 0;
			shellPath = /bin/sh;
			shellScript = "git=$(sh /etc/profile; which git)\ngit_release_version=$(\"$git\" describe --tags --always --abbrev=0)\nnumber_of_commits=$(\"$git\" rev-list master | wc -l | tr -d ' ')\ntarget_plist=\"$TARGET_BUILD_DIR/$INFOPLIST_PATH\"\ndsym_plist=\"$DWARF_DSYM_FOLDER_PATH/$DWARF_DSYM_FILE_NAME/Contents/Info.plist\"\n\nfor plist in \"$target_plist\" \"$dsym_plist\"; do\nif [ -f \"$plist\" ]; then\n/usr/libexec/PlistBuddy -c \"Set :CFBundleVersion $number_of_commits\" \"$plist\"\n/usr/libexec/PlistBuddy -c \"Set :CFBundleShortVersionString ${git_release_version#*v}\" \"$plist\"\nfi\ndone\n";
		};
		BD81DE11214C898800526054 /* Copy Carthage Resources */ = {
			isa = PBXShellScriptBuildPhase;
			buildActionMask = 2147483647;
			files = (
			);
			inputPaths = (
				"$(SRCROOT)/Carthage/Build/iOS/Realm.framework",
				"$(SRCROOT)/Carthage/Build/iOS/RxTest.framework",
				"$(SRCROOT)/Carthage/Build/iOS/RxSwift.framework",
				"$(SRCROOT)/Carthage/Build/iOS/RxCocoa.framework",
				"$(SRCROOT)/Carthage/Build/iOS/Moya.framework",
				"$(SRCROOT)/Carthage/Build/iOS/SnapKit.framework",
				"$(SRCROOT)/Carthage/Build/iOS/RxDataSources.framework",
				"$(SRCROOT)/Carthage/Build/iOS/RxBlocking.framework",
				"$(SRCROOT)/Carthage/Build/iOS/RealmSwift.framework",
				"$(SRCROOT)/Carthage/Build/iOS/Hero.framework",
				"$(SRCROOT)/Carthage/Build/iOS/IGListKit.framework",
				"$(SRCROOT)/Carthage/Build/iOS/ReactiveMoya.framework",
				"$(SRCROOT)/Carthage/Build/iOS/Alamofire.framework",
				"$(SRCROOT)/Carthage/Build/iOS/ReactiveSwift.framework",
				"$(SRCROOT)/Carthage/Build/iOS/XCGLogger.framework",
			);
			name = "Copy Carthage Resources";
			outputPaths = (
			);
			runOnlyForDeploymentPostprocessing = 0;
			shellPath = /bin/sh;
			shellScript = "/usr/local/bin/carthage copy-frameworks";
		};
		BD81DE17214C8DFD00526054 /* Run SwiftGen */ = {
			isa = PBXShellScriptBuildPhase;
			buildActionMask = 2147483647;
			files = (
			);
			inputPaths = (
			);
			name = "Run SwiftGen";
			outputPaths = (
			);
			runOnlyForDeploymentPostprocessing = 0;
			shellPath = /bin/sh;
			shellScript = "$PODS_ROOT/SwiftGen/bin/swiftgen config run --config swiftgen.yml --verbose";
		};
		BD81DE3B214C91B500526054 /* Run SwiftLint */ = {
			isa = PBXShellScriptBuildPhase;
			buildActionMask = 2147483647;
			files = (
			);
			inputPaths = (
			);
			name = "Run SwiftLint";
			outputPaths = (
			);
			runOnlyForDeploymentPostprocessing = 0;
			shellPath = /bin/sh;
			shellScript = "if which swiftlint >/dev/null; then\nswiftlint\nelse\necho \"warning: SwiftLint not installed, download from https://github.com/realm/SwiftLint\"\nfi";
		};
		CF42814D86C14D1202CAD488 /* [CP] Check Pods Manifest.lock */ = {
			isa = PBXShellScriptBuildPhase;
			buildActionMask = 2147483647;
			files = (
			);
			inputPaths = (
				"${PODS_PODFILE_DIR_PATH}/Podfile.lock",
				"${PODS_ROOT}/Manifest.lock",
			);
			name = "[CP] Check Pods Manifest.lock";
			outputPaths = (
				"$(DERIVED_FILE_DIR)/Pods-TyperMemo-checkManifestLockResult.txt",
			);
			runOnlyForDeploymentPostprocessing = 0;
			shellPath = /bin/sh;
			shellScript = "diff \"${PODS_PODFILE_DIR_PATH}/Podfile.lock\" \"${PODS_ROOT}/Manifest.lock\" > /dev/null\nif [ $? != 0 ] ; then\n    # print error to STDERR\n    echo \"error: The sandbox is not in sync with the Podfile.lock. Run 'pod install' or update your CocoaPods installation.\" >&2\n    exit 1\nfi\n# This output is used by Xcode 'outputs' to avoid re-running this script phase.\necho \"SUCCESS\" > \"${SCRIPT_OUTPUT_FILE_0}\"\n";
			showEnvVarsInLog = 0;
		};
		E00C3A8F30CB21DD53EBE5D3 /* [CP] Copy Pods Resources */ = {
			isa = PBXShellScriptBuildPhase;
			buildActionMask = 2147483647;
			files = (
			);
			inputPaths = (
			);
			name = "[CP] Copy Pods Resources";
			outputPaths = (
			);
			runOnlyForDeploymentPostprocessing = 0;
			shellPath = /bin/sh;
			shellScript = "\"${SRCROOT}/Pods/Target Support Files/Pods-TyperMemo/Pods-TyperMemo-resources.sh\"\n";
			showEnvVarsInLog = 0;
		};
		E0BE9881F6FF72469A4C409E /* [CP] Embed Pods Frameworks */ = {
			isa = PBXShellScriptBuildPhase;
			buildActionMask = 2147483647;
			files = (
			);
			inputPaths = (
				"${SRCROOT}/Pods/Target Support Files/Pods-TyperMemoTests/Pods-TyperMemoTests-frameworks.sh",
				"${BUILT_PRODUCTS_DIR}/Nimble/Nimble.framework",
				"${BUILT_PRODUCTS_DIR}/Quick/Quick.framework",
			);
			name = "[CP] Embed Pods Frameworks";
			outputPaths = (
				"${TARGET_BUILD_DIR}/${FRAMEWORKS_FOLDER_PATH}/Nimble.framework",
				"${TARGET_BUILD_DIR}/${FRAMEWORKS_FOLDER_PATH}/Quick.framework",
			);
			runOnlyForDeploymentPostprocessing = 0;
			shellPath = /bin/sh;
			shellScript = "\"${SRCROOT}/Pods/Target Support Files/Pods-TyperMemoTests/Pods-TyperMemoTests-frameworks.sh\"\n";
			showEnvVarsInLog = 0;
		};
/* End PBXShellScriptBuildPhase section */

/* Begin PBXSourcesBuildPhase section */
		BD81DDD8214C854000526054 /* Sources */ = {
			isa = PBXSourcesBuildPhase;
			buildActionMask = 2147483647;
			files = (
				BD780E20214C9CD300FA9FDF /* Memo.swift in Sources */,
				BD81DDE2214C854000526054 /* ViewController.swift in Sources */,
				BD81DDE8214C854000526054 /* TyperMemo.xcdatamodeld in Sources */,
				BD81DE38214C903000526054 /* Assets.swift in Sources */,
				BD81DDE0214C854000526054 /* AppDelegate.swift in Sources */,
				BD780E28214CA10200FA9FDF /* Label.swift in Sources */,
				BD81DE39214C903000526054 /* L10n.swift in Sources */,
				BD81DE3A214C903000526054 /* MyColor.swift in Sources */,
				BD4723CF214F2E28002D84D2 /* UIColor+Hex.swift in Sources */,
				BD4723C5214E8FE8002D84D2 /* ColorTheme.swift in Sources */,
				BD780E26214C9F7100FA9FDF /* CheckItem.swift in Sources */,
			);
			runOnlyForDeploymentPostprocessing = 0;
		};
		BD81DDEF214C854100526054 /* Sources */ = {
			isa = PBXSourcesBuildPhase;
			buildActionMask = 2147483647;
			files = (
				BD4723C7214E90C4002D84D2 /* ColorThemeTest.swift in Sources */,
				BD1C7FA6214E661D00C58B67 /* RealmSpec.swift in Sources */,
				BD81DDF8214C854100526054 /* TyperMemoTests.swift in Sources */,
				BD1C7FB0214E819700C58B67 /* LabelTest.swift in Sources */,
				BD1C7FA8214E68E600C58B67 /* MemoTest.swift in Sources */,
			);
			runOnlyForDeploymentPostprocessing = 0;
		};
		BD81DDFA214C854200526054 /* Sources */ = {
			isa = PBXSourcesBuildPhase;
			buildActionMask = 2147483647;
			files = (
				BD81DE03214C854200526054 /* TyperMemoUITests.swift in Sources */,
			);
			runOnlyForDeploymentPostprocessing = 0;
		};
/* End PBXSourcesBuildPhase section */

/* Begin PBXTargetDependency section */
		BD81DDF5214C854100526054 /* PBXTargetDependency */ = {
			isa = PBXTargetDependency;
			target = BD81DDDB214C854000526054 /* TyperMemo */;
			targetProxy = BD81DDF4214C854100526054 /* PBXContainerItemProxy */;
		};
		BD81DE00214C854200526054 /* PBXTargetDependency */ = {
			isa = PBXTargetDependency;
			target = BD81DDDB214C854000526054 /* TyperMemo */;
			targetProxy = BD81DDFF214C854200526054 /* PBXContainerItemProxy */;
		};
/* End PBXTargetDependency section */

/* Begin PBXVariantGroup section */
		BD81DDE3214C854000526054 /* Main.storyboard */ = {
			isa = PBXVariantGroup;
			children = (
				BD81DDE4214C854000526054 /* Base */,
				BD81DE2D214C8FE900526054 /* ko */,
			);
			name = Main.storyboard;
			sourceTree = "<group>";
		};
		BD81DDEB214C854100526054 /* LaunchScreen.storyboard */ = {
			isa = PBXVariantGroup;
			children = (
				BD81DDEC214C854100526054 /* Base */,
				BD81DE2E214C8FE900526054 /* ko */,
			);
			name = LaunchScreen.storyboard;
			sourceTree = "<group>";
		};
		BD81DE31214C900300526054 /* Localizable.strings .strings */ = {
			isa = PBXVariantGroup;
			children = (
				BD81DE30214C900300526054 /* en */,
				BD81DE32214C900400526054 /* ko */,
				BD81DE33214C900A00526054 /* Base */,
			);
			name = "Localizable.strings .strings";
			sourceTree = "<group>";
		};
/* End PBXVariantGroup section */

/* Begin XCBuildConfiguration section */
		BD81DE05214C854200526054 /* Debug */ = {
			isa = XCBuildConfiguration;
			buildSettings = {
				ALWAYS_SEARCH_USER_PATHS = NO;
				CLANG_ANALYZER_LOCALIZABILITY_NONLOCALIZED = YES;
				CLANG_ANALYZER_NONNULL = YES;
				CLANG_ANALYZER_NUMBER_OBJECT_CONVERSION = YES_AGGRESSIVE;
				CLANG_CXX_LANGUAGE_STANDARD = "gnu++14";
				CLANG_CXX_LIBRARY = "libc++";
				CLANG_ENABLE_MODULES = YES;
				CLANG_ENABLE_OBJC_ARC = YES;
				CLANG_ENABLE_OBJC_WEAK = YES;
				CLANG_WARN_BLOCK_CAPTURE_AUTORELEASING = YES;
				CLANG_WARN_BOOL_CONVERSION = YES;
				CLANG_WARN_COMMA = YES;
				CLANG_WARN_CONSTANT_CONVERSION = YES;
				CLANG_WARN_DEPRECATED_OBJC_IMPLEMENTATIONS = YES;
				CLANG_WARN_DIRECT_OBJC_ISA_USAGE = YES_ERROR;
				CLANG_WARN_DOCUMENTATION_COMMENTS = YES;
				CLANG_WARN_EMPTY_BODY = YES;
				CLANG_WARN_ENUM_CONVERSION = YES;
				CLANG_WARN_INFINITE_RECURSION = YES;
				CLANG_WARN_INT_CONVERSION = YES;
				CLANG_WARN_NON_LITERAL_NULL_CONVERSION = YES;
				CLANG_WARN_OBJC_IMPLICIT_RETAIN_SELF = YES;
				CLANG_WARN_OBJC_LITERAL_CONVERSION = YES;
				CLANG_WARN_OBJC_ROOT_CLASS = YES_ERROR;
				CLANG_WARN_RANGE_LOOP_ANALYSIS = YES;
				CLANG_WARN_STRICT_PROTOTYPES = YES;
				CLANG_WARN_SUSPICIOUS_MOVE = YES;
				CLANG_WARN_UNGUARDED_AVAILABILITY = YES_AGGRESSIVE;
				CLANG_WARN_UNREACHABLE_CODE = YES;
				CLANG_WARN__DUPLICATE_METHOD_MATCH = YES;
				CODE_SIGN_IDENTITY = "iPhone Developer";
				COPY_PHASE_STRIP = NO;
				DEBUG_INFORMATION_FORMAT = dwarf;
				ENABLE_STRICT_OBJC_MSGSEND = YES;
				ENABLE_TESTABILITY = YES;
				GCC_C_LANGUAGE_STANDARD = gnu11;
				GCC_DYNAMIC_NO_PIC = NO;
				GCC_NO_COMMON_BLOCKS = YES;
				GCC_OPTIMIZATION_LEVEL = 0;
				GCC_PREPROCESSOR_DEFINITIONS = (
					"DEBUG=1",
					"$(inherited)",
				);
				GCC_WARN_64_TO_32_BIT_CONVERSION = YES;
				GCC_WARN_ABOUT_RETURN_TYPE = YES_ERROR;
				GCC_WARN_UNDECLARED_SELECTOR = YES;
				GCC_WARN_UNINITIALIZED_AUTOS = YES_AGGRESSIVE;
				GCC_WARN_UNUSED_FUNCTION = YES;
				GCC_WARN_UNUSED_VARIABLE = YES;
				IPHONEOS_DEPLOYMENT_TARGET = 11.4;
				MTL_ENABLE_DEBUG_INFO = YES;
				ONLY_ACTIVE_ARCH = YES;
				SDKROOT = iphoneos;
				SWIFT_ACTIVE_COMPILATION_CONDITIONS = DEBUG;
				SWIFT_OPTIMIZATION_LEVEL = "-Onone";
			};
			name = Debug;
		};
		BD81DE06214C854200526054 /* Release */ = {
			isa = XCBuildConfiguration;
			buildSettings = {
				ALWAYS_SEARCH_USER_PATHS = NO;
				CLANG_ANALYZER_LOCALIZABILITY_NONLOCALIZED = YES;
				CLANG_ANALYZER_NONNULL = YES;
				CLANG_ANALYZER_NUMBER_OBJECT_CONVERSION = YES_AGGRESSIVE;
				CLANG_CXX_LANGUAGE_STANDARD = "gnu++14";
				CLANG_CXX_LIBRARY = "libc++";
				CLANG_ENABLE_MODULES = YES;
				CLANG_ENABLE_OBJC_ARC = YES;
				CLANG_ENABLE_OBJC_WEAK = YES;
				CLANG_WARN_BLOCK_CAPTURE_AUTORELEASING = YES;
				CLANG_WARN_BOOL_CONVERSION = YES;
				CLANG_WARN_COMMA = YES;
				CLANG_WARN_CONSTANT_CONVERSION = YES;
				CLANG_WARN_DEPRECATED_OBJC_IMPLEMENTATIONS = YES;
				CLANG_WARN_DIRECT_OBJC_ISA_USAGE = YES_ERROR;
				CLANG_WARN_DOCUMENTATION_COMMENTS = YES;
				CLANG_WARN_EMPTY_BODY = YES;
				CLANG_WARN_ENUM_CONVERSION = YES;
				CLANG_WARN_INFINITE_RECURSION = YES;
				CLANG_WARN_INT_CONVERSION = YES;
				CLANG_WARN_NON_LITERAL_NULL_CONVERSION = YES;
				CLANG_WARN_OBJC_IMPLICIT_RETAIN_SELF = YES;
				CLANG_WARN_OBJC_LITERAL_CONVERSION = YES;
				CLANG_WARN_OBJC_ROOT_CLASS = YES_ERROR;
				CLANG_WARN_RANGE_LOOP_ANALYSIS = YES;
				CLANG_WARN_STRICT_PROTOTYPES = YES;
				CLANG_WARN_SUSPICIOUS_MOVE = YES;
				CLANG_WARN_UNGUARDED_AVAILABILITY = YES_AGGRESSIVE;
				CLANG_WARN_UNREACHABLE_CODE = YES;
				CLANG_WARN__DUPLICATE_METHOD_MATCH = YES;
				CODE_SIGN_IDENTITY = "iPhone Developer";
				COPY_PHASE_STRIP = NO;
				DEBUG_INFORMATION_FORMAT = "dwarf-with-dsym";
				ENABLE_NS_ASSERTIONS = NO;
				ENABLE_STRICT_OBJC_MSGSEND = YES;
				GCC_C_LANGUAGE_STANDARD = gnu11;
				GCC_NO_COMMON_BLOCKS = YES;
				GCC_WARN_64_TO_32_BIT_CONVERSION = YES;
				GCC_WARN_ABOUT_RETURN_TYPE = YES_ERROR;
				GCC_WARN_UNDECLARED_SELECTOR = YES;
				GCC_WARN_UNINITIALIZED_AUTOS = YES_AGGRESSIVE;
				GCC_WARN_UNUSED_FUNCTION = YES;
				GCC_WARN_UNUSED_VARIABLE = YES;
				IPHONEOS_DEPLOYMENT_TARGET = 11.4;
				MTL_ENABLE_DEBUG_INFO = NO;
				SDKROOT = iphoneos;
				SWIFT_COMPILATION_MODE = wholemodule;
				SWIFT_OPTIMIZATION_LEVEL = "-O";
				VALIDATE_PRODUCT = YES;
			};
			name = Release;
		};
		BD81DE08214C854200526054 /* Debug */ = {
			isa = XCBuildConfiguration;
			baseConfigurationReference = 3A314C1A929D40263F2969F0 /* Pods-TyperMemo.debug.xcconfig */;
			buildSettings = {
				ALWAYS_EMBED_SWIFT_STANDARD_LIBRARIES = "$(inherited)";
				ASSETCATALOG_COMPILER_APPICON_NAME = AppIcon;
				CODE_SIGN_STYLE = Automatic;
				DEVELOPMENT_TEAM = SFSNP72DLD;
				FRAMEWORK_SEARCH_PATHS = (
					"$(inherited)",
					"$(PROJECT_DIR)/Carthage/Build/iOS",
				);
				INFOPLIST_FILE = Source/Info.plist;
				LD_RUNPATH_SEARCH_PATHS = (
					"$(inherited)",
					"@executable_path/Frameworks",
				);
				PRODUCT_BUNDLE_IDENTIFIER = com.hucet.tyler.TyperMemo;
				PRODUCT_NAME = "$(TARGET_NAME)";
				SWIFT_ACTIVE_COMPILATION_CONDITIONS = "DEBUG TEST";
				SWIFT_VERSION = 4.0;
				TARGETED_DEVICE_FAMILY = "1,2";
			};
			name = Debug;
		};
		BD81DE09214C854200526054 /* Release */ = {
			isa = XCBuildConfiguration;
			baseConfigurationReference = 140F670253CFD21A1DB0D703 /* Pods-TyperMemo.release.xcconfig */;
			buildSettings = {
				ASSETCATALOG_COMPILER_APPICON_NAME = AppIcon;
				CODE_SIGN_STYLE = Automatic;
				DEVELOPMENT_TEAM = SFSNP72DLD;
				FRAMEWORK_SEARCH_PATHS = (
					"$(inherited)",
					"$(PROJECT_DIR)/Carthage/Build/iOS",
				);
				INFOPLIST_FILE = Source/Info.plist;
				LD_RUNPATH_SEARCH_PATHS = (
					"$(inherited)",
					"@executable_path/Frameworks",
				);
				PRODUCT_BUNDLE_IDENTIFIER = com.hucet.tyler.TyperMemo;
				PRODUCT_NAME = "$(TARGET_NAME)";
				SWIFT_VERSION = 4.0;
				TARGETED_DEVICE_FAMILY = "1,2";
			};
			name = Release;
		};
		BD81DE0B214C854200526054 /* Debug */ = {
			isa = XCBuildConfiguration;
			baseConfigurationReference = 94A36D3E079F46FF3E7E270E /* Pods-TyperMemoTests.debug.xcconfig */;
			buildSettings = {
				ALWAYS_EMBED_SWIFT_STANDARD_LIBRARIES = "$(inherited)";
				BUNDLE_LOADER = "$(TEST_HOST)";
				CODE_SIGN_STYLE = Automatic;
				DEVELOPMENT_TEAM = SFSNP72DLD;
				FRAMEWORK_SEARCH_PATHS = (
					"$(inherited)",
					"$(PROJECT_DIR)/Carthage/Build/iOS",
				);
				INFOPLIST_FILE = TyperMemoTests/Info.plist;
				LD_RUNPATH_SEARCH_PATHS = (
					"$(inherited)",
					"@executable_path/Frameworks",
					"@loader_path/Frameworks",
				);
				PRODUCT_BUNDLE_IDENTIFIER = com.hucet.tyler.TyperMemoTests;
				PRODUCT_NAME = "$(TARGET_NAME)";
				SWIFT_ACTIVE_COMPILATION_CONDITIONS = "DEBUG TEST";
				SWIFT_VERSION = 4.0;
				TARGETED_DEVICE_FAMILY = "1,2";
				TEST_HOST = "$(BUILT_PRODUCTS_DIR)/TyperMemo.app/TyperMemo";
			};
			name = Debug;
		};
		BD81DE0C214C854200526054 /* Release */ = {
			isa = XCBuildConfiguration;
			baseConfigurationReference = 3456891B03C77DE9BD59E7AD /* Pods-TyperMemoTests.release.xcconfig */;
			buildSettings = {
				ALWAYS_EMBED_SWIFT_STANDARD_LIBRARIES = "$(inherited)";
				BUNDLE_LOADER = "$(TEST_HOST)";
				CODE_SIGN_STYLE = Automatic;
				DEVELOPMENT_TEAM = SFSNP72DLD;
				FRAMEWORK_SEARCH_PATHS = (
					"$(inherited)",
					"$(PROJECT_DIR)/Carthage/Build/iOS",
				);
				INFOPLIST_FILE = TyperMemoTests/Info.plist;
				LD_RUNPATH_SEARCH_PATHS = (
					"$(inherited)",
					"@executable_path/Frameworks",
					"@loader_path/Frameworks",
				);
				PRODUCT_BUNDLE_IDENTIFIER = com.hucet.tyler.TyperMemoTests;
				PRODUCT_NAME = "$(TARGET_NAME)";
				SWIFT_VERSION = 4.0;
				TARGETED_DEVICE_FAMILY = "1,2";
				TEST_HOST = "$(BUILT_PRODUCTS_DIR)/TyperMemo.app/TyperMemo";
			};
			name = Release;
		};
		BD81DE0E214C854200526054 /* Debug */ = {
			isa = XCBuildConfiguration;
			baseConfigurationReference = E195EA646989D473F3C0C519 /* Pods-TyperMemoUITests.debug.xcconfig */;
			buildSettings = {
				ALWAYS_EMBED_SWIFT_STANDARD_LIBRARIES = "$(inherited)";
				CODE_SIGN_STYLE = Automatic;
				DEVELOPMENT_TEAM = SFSNP72DLD;
				FRAMEWORK_SEARCH_PATHS = (
					"$(inherited)",
					"$(PROJECT_DIR)/Carthage/Build/iOS",
				);
				INFOPLIST_FILE = TyperMemoUITests/Info.plist;
				LD_RUNPATH_SEARCH_PATHS = (
					"$(inherited)",
					"@executable_path/Frameworks",
					"@loader_path/Frameworks",
				);
				PRODUCT_BUNDLE_IDENTIFIER = com.hucet.tyler.TyperMemoUITests;
				PRODUCT_NAME = "$(TARGET_NAME)";
				SWIFT_ACTIVE_COMPILATION_CONDITIONS = "DEBUG TEST";
				SWIFT_VERSION = 4.0;
				TARGETED_DEVICE_FAMILY = "1,2";
				TEST_TARGET_NAME = TyperMemo;
			};
			name = Debug;
		};
		BD81DE0F214C854200526054 /* Release */ = {
			isa = XCBuildConfiguration;
			baseConfigurationReference = 006F8AE46E189167BAF12D0E /* Pods-TyperMemoUITests.release.xcconfig */;
			buildSettings = {
				ALWAYS_EMBED_SWIFT_STANDARD_LIBRARIES = "$(inherited)";
				CODE_SIGN_STYLE = Automatic;
				DEVELOPMENT_TEAM = SFSNP72DLD;
				FRAMEWORK_SEARCH_PATHS = (
					"$(inherited)",
					"$(PROJECT_DIR)/Carthage/Build/iOS",
				);
				INFOPLIST_FILE = TyperMemoUITests/Info.plist;
				LD_RUNPATH_SEARCH_PATHS = (
					"$(inherited)",
					"@executable_path/Frameworks",
					"@loader_path/Frameworks",
				);
				PRODUCT_BUNDLE_IDENTIFIER = com.hucet.tyler.TyperMemoUITests;
				PRODUCT_NAME = "$(TARGET_NAME)";
				SWIFT_VERSION = 4.0;
				TARGETED_DEVICE_FAMILY = "1,2";
				TEST_TARGET_NAME = TyperMemo;
			};
			name = Release;
		};
/* End XCBuildConfiguration section */

/* Begin XCConfigurationList section */
		BD81DDD7214C854000526054 /* Build configuration list for PBXProject "TyperMemo" */ = {
			isa = XCConfigurationList;
			buildConfigurations = (
				BD81DE05214C854200526054 /* Debug */,
				BD81DE06214C854200526054 /* Release */,
			);
			defaultConfigurationIsVisible = 0;
			defaultConfigurationName = Release;
		};
		BD81DE07214C854200526054 /* Build configuration list for PBXNativeTarget "TyperMemo" */ = {
			isa = XCConfigurationList;
			buildConfigurations = (
				BD81DE08214C854200526054 /* Debug */,
				BD81DE09214C854200526054 /* Release */,
			);
			defaultConfigurationIsVisible = 0;
			defaultConfigurationName = Release;
		};
		BD81DE0A214C854200526054 /* Build configuration list for PBXNativeTarget "TyperMemoTests" */ = {
			isa = XCConfigurationList;
			buildConfigurations = (
				BD81DE0B214C854200526054 /* Debug */,
				BD81DE0C214C854200526054 /* Release */,
			);
			defaultConfigurationIsVisible = 0;
			defaultConfigurationName = Release;
		};
		BD81DE0D214C854200526054 /* Build configuration list for PBXNativeTarget "TyperMemoUITests" */ = {
			isa = XCConfigurationList;
			buildConfigurations = (
				BD81DE0E214C854200526054 /* Debug */,
				BD81DE0F214C854200526054 /* Release */,
			);
			defaultConfigurationIsVisible = 0;
			defaultConfigurationName = Release;
		};
/* End XCConfigurationList section */

/* Begin XCVersionGroup section */
		BD81DDE6214C854000526054 /* TyperMemo.xcdatamodeld */ = {
			isa = XCVersionGroup;
			children = (
				BD81DDE7214C854000526054 /* TyperMemo.xcdatamodel */,
			);
			currentVersion = BD81DDE7214C854000526054 /* TyperMemo.xcdatamodel */;
			path = TyperMemo.xcdatamodeld;
			sourceTree = "<group>";
			versionGroupType = wrapper.xcdatamodel;
		};
/* End XCVersionGroup section */
	};
	rootObject = BD81DDD4214C854000526054 /* Project object */;
}
