// !$*UTF8*$!
{
	archiveVersion = 1;
	classes = {
	};
	objectVersion = 51;
	objects = {

/* Begin PBXBuildFile section */
		6A3BDCA4CFB6F1547521DD46 /* Pods_TyperMemo.framework in Frameworks */ = {isa = PBXBuildFile; fileRef = DDA781FEA10E5CCA1B0D7444 /* Pods_TyperMemo.framework */; };
		6BCAA545D8B90187674BCD3F /* Pods_TyperMemoUITests.framework in Frameworks */ = {isa = PBXBuildFile; fileRef = ABA69393FEE8E1302993682E /* Pods_TyperMemoUITests.framework */; };
		BD05CA812164535E00D9DEE0 /* String+.swift in Sources */ = {isa = PBXBuildFile; fileRef = BD05CA802164535E00D9DEE0 /* String+.swift */; };
		BD05CA8321645A0700D9DEE0 /* UIColor+HexTest.swift in Sources */ = {isa = PBXBuildFile; fileRef = BD05CA8221645A0700D9DEE0 /* UIColor+HexTest.swift */; };
		BD0FD0F02158966C00EAE5E0 /* LabelSectionController.swift in Sources */ = {isa = PBXBuildFile; fileRef = BD0FD0EF2158966C00EAE5E0 /* LabelSectionController.swift */; };
		BD0FD0F82158979700EAE5E0 /* Label.storyboard in Resources */ = {isa = PBXBuildFile; fileRef = BD0FD0F62158979700EAE5E0 /* Label.storyboard */; };
		BD0FD10121589BFD00EAE5E0 /* NewLabelCell.swift in Sources */ = {isa = PBXBuildFile; fileRef = BD0FD0FF21589BFD00EAE5E0 /* NewLabelCell.swift */; };
		BD0FD1062158A60800EAE5E0 /* LabelViewModel.swift in Sources */ = {isa = PBXBuildFile; fileRef = BD0FD1052158A60800EAE5E0 /* LabelViewModel.swift */; };
		BD1C7FA6214E661D00C58B67 /* RealmSpec.swift in Sources */ = {isa = PBXBuildFile; fileRef = BD1C7FA5214E661D00C58B67 /* RealmSpec.swift */; };
		BD1C7FA8214E68E600C58B67 /* MemoTest.swift in Sources */ = {isa = PBXBuildFile; fileRef = BD1C7FA7214E68E600C58B67 /* MemoTest.swift */; };
		BD1C7FB0214E819700C58B67 /* LabelTest.swift in Sources */ = {isa = PBXBuildFile; fileRef = BD1C7FAF214E819700C58B67 /* LabelTest.swift */; };
		BD1FDFBE21594FF70064A8D8 /* StoryboardInitializable.swift in Sources */ = {isa = PBXBuildFile; fileRef = BD1FDFBD21594FF70064A8D8 /* StoryboardInitializable.swift */; };
		BD1FDFF8215966F80064A8D8 /* UITestCase.swift in Sources */ = {isa = PBXBuildFile; fileRef = BD1FDFF7215966F80064A8D8 /* UITestCase.swift */; };
		BD1FDFFB215967290064A8D8 /* LabelViewControllerTest.swift in Sources */ = {isa = PBXBuildFile; fileRef = BD1FDFF9215967220064A8D8 /* LabelViewControllerTest.swift */; };
		BD1FDFFD215968FD0064A8D8 /* AccIdentifier.swift in Sources */ = {isa = PBXBuildFile; fileRef = BD1FDFFC215968FD0064A8D8 /* AccIdentifier.swift */; };
		BD1FDFFE215969A80064A8D8 /* AccIdentifier.swift in Sources */ = {isa = PBXBuildFile; fileRef = BD1FDFFC215968FD0064A8D8 /* AccIdentifier.swift */; };
		BD27CBE8216783EB00C805B4 /* UIView+IBInspectable.swift in Sources */ = {isa = PBXBuildFile; fileRef = BD27CBE7216783EB00C805B4 /* UIView+IBInspectable.swift */; };
		BD27CBEA216787F200C805B4 /* RedButton.swift in Sources */ = {isa = PBXBuildFile; fileRef = BD27CBE9216787F200C805B4 /* RedButton.swift */; };
		BD27CBEE2167974600C805B4 /* CGUtility.swift in Sources */ = {isa = PBXBuildFile; fileRef = BD27CBED2167974600C805B4 /* CGUtility.swift */; };
		BD31584E21680D05006DEDC9 /* AddMemo.storyboard in Resources */ = {isa = PBXBuildFile; fileRef = BD31584D21680D05006DEDC9 /* AddMemo.storyboard */; };
		BD31585021680D17006DEDC9 /* AddMemoViewController.swift in Sources */ = {isa = PBXBuildFile; fileRef = BD31584F21680D17006DEDC9 /* AddMemoViewController.swift */; };
		BD31585421680EEA006DEDC9 /* AddMemoReactor.swift in Sources */ = {isa = PBXBuildFile; fileRef = BD31585321680EEA006DEDC9 /* AddMemoReactor.swift */; };
		BD472165215081850015740A /* GeneratedMocks.swift in Sources */ = {isa = PBXBuildFile; fileRef = BD472164215081850015740A /* GeneratedMocks.swift */; };
		BD4723C5214E8FE8002D84D2 /* ColorTheme.swift in Sources */ = {isa = PBXBuildFile; fileRef = BD4723C4214E8FE8002D84D2 /* ColorTheme.swift */; };
		BD4723C7214E90C4002D84D2 /* ColorThemeTest.swift in Sources */ = {isa = PBXBuildFile; fileRef = BD4723C6214E90C4002D84D2 /* ColorThemeTest.swift */; };
		BD4723CF214F2E28002D84D2 /* UIColor+String.swift in Sources */ = {isa = PBXBuildFile; fileRef = BD4723CE214F2E28002D84D2 /* UIColor+String.swift */; };
		BD4BBB062158E11D00ED00C3 /* UIScrollView+Rx.swift in Sources */ = {isa = PBXBuildFile; fileRef = BD4BBB052158E11D00ED00C3 /* UIScrollView+Rx.swift */; };
		BD4BBB172158F92C00ED00C3 /* NewLabelModel.swift in Sources */ = {isa = PBXBuildFile; fileRef = BD4BBB162158F92C00ED00C3 /* NewLabelModel.swift */; };
		BD4BBB232159050F00ED00C3 /* color.txt in Resources */ = {isa = PBXBuildFile; fileRef = BD4BBB222159050F00ED00C3 /* color.txt */; };
		BD4BBB27215907F300ED00C3 /* Dimens.swift in Sources */ = {isa = PBXBuildFile; fileRef = BD4BBB26215907F300ED00C3 /* Dimens.swift */; };
		BD4BBB2D2159240E00ED00C3 /* ReactorKit.framework in Frameworks */ = {isa = PBXBuildFile; fileRef = BD4BBB2C2159240E00ED00C3 /* ReactorKit.framework */; };
		BD5653D521565ABE00F378F0 /* MemoViewModel.swift in Sources */ = {isa = PBXBuildFile; fileRef = BD5653D421565ABE00F378F0 /* MemoViewModel.swift */; };
		BD70173B21559FE900093C55 /* MemoSectionController.swift in Sources */ = {isa = PBXBuildFile; fileRef = BD70173A21559FE900093C55 /* MemoSectionController.swift */; };
		BD780E20214C9CD300FA9FDF /* Memo.swift in Sources */ = {isa = PBXBuildFile; fileRef = BD780E1F214C9CD300FA9FDF /* Memo.swift */; };
		BD780E26214C9F7100FA9FDF /* CheckItem.swift in Sources */ = {isa = PBXBuildFile; fileRef = BD780E25214C9F7100FA9FDF /* CheckItem.swift */; };
		BD780E28214CA10200FA9FDF /* Label.swift in Sources */ = {isa = PBXBuildFile; fileRef = BD780E27214CA10200FA9FDF /* Label.swift */; };
		BD7F9175215B1980001DE5E0 /* GeneratedMocks.swift in Sources */ = {isa = PBXBuildFile; fileRef = BD7F9174215B1980001DE5E0 /* GeneratedMocks.swift */; };
		BD7F9179215B2249001DE5E0 /* LabelReactorWithRealmTest.swift in Sources */ = {isa = PBXBuildFile; fileRef = BD7F9178215B2249001DE5E0 /* LabelReactorWithRealmTest.swift */; };
		BD7F917D215B2EF1001DE5E0 /* RealmServiceType.swift in Sources */ = {isa = PBXBuildFile; fileRef = BD7F917C215B2EF1001DE5E0 /* RealmServiceType.swift */; };
		BD7F917F215BA0FA001DE5E0 /* TestError.swift in Sources */ = {isa = PBXBuildFile; fileRef = BD7F917E215BA0FA001DE5E0 /* TestError.swift */; };
		BD81DDE0214C854000526054 /* AppDelegate.swift in Sources */ = {isa = PBXBuildFile; fileRef = BD81DDDF214C854000526054 /* AppDelegate.swift */; };
		BD81DDE2214C854000526054 /* MainViewController.swift in Sources */ = {isa = PBXBuildFile; fileRef = BD81DDE1214C854000526054 /* MainViewController.swift */; };
		BD81DDE5214C854000526054 /* Main.storyboard in Resources */ = {isa = PBXBuildFile; fileRef = BD81DDE3214C854000526054 /* Main.storyboard */; };
		BD81DDE8214C854000526054 /* TyperMemo.xcdatamodeld in Sources */ = {isa = PBXBuildFile; fileRef = BD81DDE6214C854000526054 /* TyperMemo.xcdatamodeld */; };
		BD81DDED214C854100526054 /* LaunchScreen.storyboard in Resources */ = {isa = PBXBuildFile; fileRef = BD81DDEB214C854100526054 /* LaunchScreen.storyboard */; };
		BD81DDF8214C854100526054 /* TyperMemoTests.swift in Sources */ = {isa = PBXBuildFile; fileRef = BD81DDF7214C854100526054 /* TyperMemoTests.swift */; };
		BD81DE38214C903000526054 /* Assets.swift in Sources */ = {isa = PBXBuildFile; fileRef = BD81DE35214C903000526054 /* Assets.swift */; };
		BD81DE39214C903000526054 /* L10n.swift in Sources */ = {isa = PBXBuildFile; fileRef = BD81DE36214C903000526054 /* L10n.swift */; };
		BD81DE3A214C903000526054 /* MyColor.swift in Sources */ = {isa = PBXBuildFile; fileRef = BD81DE37214C903000526054 /* MyColor.swift */; };
		BD88A2662163DD46004AFCBE /* Temp.storyboard in Resources */ = {isa = PBXBuildFile; fileRef = BD88A2642163DD46004AFCBE /* Temp.storyboard */; };
		BD88A2672163DD46004AFCBE /* TempViewController.swift in Sources */ = {isa = PBXBuildFile; fileRef = BD88A2652163DD46004AFCBE /* TempViewController.swift */; };
		BD88A2712163E868004AFCBE /* PersistenceError.swift in Sources */ = {isa = PBXBuildFile; fileRef = BD88A2702163E868004AFCBE /* PersistenceError.swift */; };
		BD88A2782163F43B004AFCBE /* ColorTheme+DataSource.swift in Sources */ = {isa = PBXBuildFile; fileRef = BD88A2772163F43B004AFCBE /* ColorTheme+DataSource.swift */; };
		BD88A27A2163FA88004AFCBE /* HasDisposeBag.swift in Sources */ = {isa = PBXBuildFile; fileRef = BD88A2792163FA88004AFCBE /* HasDisposeBag.swift */; };
		BDA7F32021637FD8002D9F3B /* DisposeBagAcceptable.swift in Sources */ = {isa = PBXBuildFile; fileRef = BDA7F31F21637FD8002D9F3B /* DisposeBagAcceptable.swift */; };
		BDA7F32321638400002D9F3B /* AssociatedObjectStore.swift in Sources */ = {isa = PBXBuildFile; fileRef = BDA7F32221638400002D9F3B /* AssociatedObjectStore.swift */; };
		BDACB9DE21520A6D00AE2C50 /* FakeRealmCollectionValue.swift in Sources */ = {isa = PBXBuildFile; fileRef = BDACB9DB2152099000AE2C50 /* FakeRealmCollectionValue.swift */; };
		BDB5514221633B6D001B0138 /* DeallocationView.swift in Sources */ = {isa = PBXBuildFile; fileRef = BDB5514121633B6D001B0138 /* DeallocationView.swift */; };
		BDB5514421633B84001B0138 /* AppDelegate+Deallocation.swift in Sources */ = {isa = PBXBuildFile; fileRef = BDB5514321633B84001B0138 /* AppDelegate+Deallocation.swift */; };
		BDBF37022158D86300953C77 /* Localizable.strings in Resources */ = {isa = PBXBuildFile; fileRef = BDBF37002158D86300953C77 /* Localizable.strings */; };
		BDBF37062158DA7F00953C77 /* ExistLabelCell.swift in Sources */ = {isa = PBXBuildFile; fileRef = BDBF37052158DA7F00953C77 /* ExistLabelCell.swift */; };
		BDC0E9DF2153BE5400BE8EE3 /* tyler-v1.realm in Resources */ = {isa = PBXBuildFile; fileRef = BDC0E9DE2153BE2200BE8EE3 /* tyler-v1.realm */; };
		BDC0E9E12153BF1400BE8EE3 /* RealmMigration.swift in Sources */ = {isa = PBXBuildFile; fileRef = BDC0E9E02153BF1400BE8EE3 /* RealmMigration.swift */; };
		BDC4D8AD216317A200ED5404 /* ColorThemeModel.swift in Sources */ = {isa = PBXBuildFile; fileRef = BDC4D8A9216317A200ED5404 /* ColorThemeModel.swift */; };
		BDC4D8AE216317A200ED5404 /* ColorThemeContainer.swift in Sources */ = {isa = PBXBuildFile; fileRef = BDC4D8AA216317A200ED5404 /* ColorThemeContainer.swift */; };
		BDC4D8AF216317A200ED5404 /* ColorThemeReactor.swift in Sources */ = {isa = PBXBuildFile; fileRef = BDC4D8AB216317A200ED5404 /* ColorThemeReactor.swift */; };
		BDC4D8B0216317A200ED5404 /* ColorThemeCollectionCell.swift in Sources */ = {isa = PBXBuildFile; fileRef = BDC4D8AC216317A200ED5404 /* ColorThemeCollectionCell.swift */; };
		BDC4D8B2216317B500ED5404 /* ColorThemeType.swift in Sources */ = {isa = PBXBuildFile; fileRef = BDC4D8B1216317B400ED5404 /* ColorThemeType.swift */; };
		BDE111CD2156A8440010FBD9 /* SwinjectStoryboard+setUp.swift in Sources */ = {isa = PBXBuildFile; fileRef = BDE111CC2156A8440010FBD9 /* SwinjectStoryboard+setUp.swift */; };
		BDE111CE2156A95D0010FBD9 /* LabelViewController.swift in Sources */ = {isa = PBXBuildFile; fileRef = BD5653D721565CFA00F378F0 /* LabelViewController.swift */; };
		BDE111CF2156A95D0010FBD9 /* LabelReactor.swift in Sources */ = {isa = PBXBuildFile; fileRef = BD5653EB2156642B00F378F0 /* LabelReactor.swift */; };
		BDE111D22156ADE30010FBD9 /* ServiceProvider.swift in Sources */ = {isa = PBXBuildFile; fileRef = BDE111D12156ADE30010FBD9 /* ServiceProvider.swift */; };
		BDE111D42156AE200010FBD9 /* MemoServiceType.swift in Sources */ = {isa = PBXBuildFile; fileRef = BDE111D32156AE200010FBD9 /* MemoServiceType.swift */; };
		BDE111D82156B3770010FBD9 /* LabelServiceType.swift in Sources */ = {isa = PBXBuildFile; fileRef = BDE111D72156B3770010FBD9 /* LabelServiceType.swift */; };
		BDE111DA2156B5560010FBD9 /* Realm+Config.swift in Sources */ = {isa = PBXBuildFile; fileRef = BDE111D92156B5560010FBD9 /* Realm+Config.swift */; };
		BDE111E02157382B0010FBD9 /* LabelReactorTest.swift in Sources */ = {isa = PBXBuildFile; fileRef = BDE111DF2157382B0010FBD9 /* LabelReactorTest.swift */; };
		BDF2C10A215E699500845AD5 /* RealmSwift.framework in Frameworks */ = {isa = PBXBuildFile; fileRef = BD9050BB214F581300425C8D /* RealmSwift.framework */; };
		BDF97B8A2158B71C00696102 /* Assets.xcassets in Resources */ = {isa = PBXBuildFile; fileRef = BDF97B892158B71C00696102 /* Assets.xcassets */; };
		BDFC8A7B2155AD5E00A042B5 /* MemoViewCell.swift in Sources */ = {isa = PBXBuildFile; fileRef = BDFC8A7A2155AD5E00A042B5 /* MemoViewCell.swift */; };
		BDFC8A802155BBCE00A042B5 /* AppSupports.swift in Sources */ = {isa = PBXBuildFile; fileRef = BDFC8A7F2155BBCE00A042B5 /* AppSupports.swift */; };
		BDFCBA0C21566BF2008B935E /* UIViewController+Rx.swift in Sources */ = {isa = PBXBuildFile; fileRef = BDFCBA0B21566BF2008B935E /* UIViewController+Rx.swift */; };
		C5C96A95A1714223D68E9E46 /* Pods_TyperMemoTests.framework in Frameworks */ = {isa = PBXBuildFile; fileRef = 02BFA87AD059AEEDB7D8E415 /* Pods_TyperMemoTests.framework */; };
/* End PBXBuildFile section */

/* Begin PBXContainerItemProxy section */
		BD1FDFF2215966E80064A8D8 /* PBXContainerItemProxy */ = {
			isa = PBXContainerItemProxy;
			containerPortal = BD81DDD4214C854000526054 /* Project object */;
			proxyType = 1;
			remoteGlobalIDString = BD81DDDB214C854000526054;
			remoteInfo = TyperMemo;
		};
		BD81DDF4214C854100526054 /* PBXContainerItemProxy */ = {
			isa = PBXContainerItemProxy;
			containerPortal = BD81DDD4214C854000526054 /* Project object */;
			proxyType = 1;
			remoteGlobalIDString = BD81DDDB214C854000526054;
			remoteInfo = TyperMemo;
		};
/* End PBXContainerItemProxy section */

/* Begin PBXFileReference section */
		006F8AE46E189167BAF12D0E /* Pods-TyperMemoUITests.release.xcconfig */ = {isa = PBXFileReference; includeInIndex = 1; lastKnownFileType = text.xcconfig; name = "Pods-TyperMemoUITests.release.xcconfig"; path = "Pods/Target Support Files/Pods-TyperMemoUITests/Pods-TyperMemoUITests.release.xcconfig"; sourceTree = "<group>"; };
		02BFA87AD059AEEDB7D8E415 /* Pods_TyperMemoTests.framework */ = {isa = PBXFileReference; explicitFileType = wrapper.framework; includeInIndex = 0; path = Pods_TyperMemoTests.framework; sourceTree = BUILT_PRODUCTS_DIR; };
		140F670253CFD21A1DB0D703 /* Pods-TyperMemo.release.xcconfig */ = {isa = PBXFileReference; includeInIndex = 1; lastKnownFileType = text.xcconfig; name = "Pods-TyperMemo.release.xcconfig"; path = "Pods/Target Support Files/Pods-TyperMemo/Pods-TyperMemo.release.xcconfig"; sourceTree = "<group>"; };
		3456891B03C77DE9BD59E7AD /* Pods-TyperMemoTests.release.xcconfig */ = {isa = PBXFileReference; includeInIndex = 1; lastKnownFileType = text.xcconfig; name = "Pods-TyperMemoTests.release.xcconfig"; path = "Pods/Target Support Files/Pods-TyperMemoTests/Pods-TyperMemoTests.release.xcconfig"; sourceTree = "<group>"; };
		3A314C1A929D40263F2969F0 /* Pods-TyperMemo.debug.xcconfig */ = {isa = PBXFileReference; includeInIndex = 1; lastKnownFileType = text.xcconfig; name = "Pods-TyperMemo.debug.xcconfig"; path = "Pods/Target Support Files/Pods-TyperMemo/Pods-TyperMemo.debug.xcconfig"; sourceTree = "<group>"; };
		94A36D3E079F46FF3E7E270E /* Pods-TyperMemoTests.debug.xcconfig */ = {isa = PBXFileReference; includeInIndex = 1; lastKnownFileType = text.xcconfig; name = "Pods-TyperMemoTests.debug.xcconfig"; path = "Pods/Target Support Files/Pods-TyperMemoTests/Pods-TyperMemoTests.debug.xcconfig"; sourceTree = "<group>"; };
		ABA69393FEE8E1302993682E /* Pods_TyperMemoUITests.framework */ = {isa = PBXFileReference; explicitFileType = wrapper.framework; includeInIndex = 0; path = Pods_TyperMemoUITests.framework; sourceTree = BUILT_PRODUCTS_DIR; };
		BD05CA802164535E00D9DEE0 /* String+.swift */ = {isa = PBXFileReference; lastKnownFileType = sourcecode.swift; path = "String+.swift"; sourceTree = "<group>"; };
		BD05CA8221645A0700D9DEE0 /* UIColor+HexTest.swift */ = {isa = PBXFileReference; lastKnownFileType = sourcecode.swift; path = "UIColor+HexTest.swift"; sourceTree = "<group>"; };
		BD0FD0EF2158966C00EAE5E0 /* LabelSectionController.swift */ = {isa = PBXFileReference; lastKnownFileType = sourcecode.swift; path = LabelSectionController.swift; sourceTree = "<group>"; };
		BD0FD0F72158979700EAE5E0 /* Base */ = {isa = PBXFileReference; lastKnownFileType = file.storyboard; name = Base; path = Source/Base.lproj/Label.storyboard; sourceTree = SOURCE_ROOT; };
		BD0FD0FF21589BFD00EAE5E0 /* NewLabelCell.swift */ = {isa = PBXFileReference; lastKnownFileType = sourcecode.swift; path = NewLabelCell.swift; sourceTree = "<group>"; };
		BD0FD1052158A60800EAE5E0 /* LabelViewModel.swift */ = {isa = PBXFileReference; lastKnownFileType = sourcecode.swift; path = LabelViewModel.swift; sourceTree = "<group>"; };
		BD1C7FA5214E661D00C58B67 /* RealmSpec.swift */ = {isa = PBXFileReference; fileEncoding = 4; lastKnownFileType = sourcecode.swift; path = RealmSpec.swift; sourceTree = "<group>"; };
		BD1C7FA7214E68E600C58B67 /* MemoTest.swift */ = {isa = PBXFileReference; lastKnownFileType = sourcecode.swift; path = MemoTest.swift; sourceTree = "<group>"; };
		BD1C7FAF214E819700C58B67 /* LabelTest.swift */ = {isa = PBXFileReference; lastKnownFileType = sourcecode.swift; path = LabelTest.swift; sourceTree = "<group>"; };
		BD1FDFBD21594FF70064A8D8 /* StoryboardInitializable.swift */ = {isa = PBXFileReference; lastKnownFileType = sourcecode.swift; path = StoryboardInitializable.swift; sourceTree = "<group>"; };
		BD1FDFC2215959DC0064A8D8 /* ReactorKit.framework */ = {isa = PBXFileReference; explicitFileType = wrapper.framework; path = ReactorKit.framework; sourceTree = BUILT_PRODUCTS_DIR; };
		BD1FDFCB215961850064A8D8 /* ReactorKit.framework */ = {isa = PBXFileReference; explicitFileType = wrapper.framework; path = ReactorKit.framework; sourceTree = BUILT_PRODUCTS_DIR; };
		BD1FDFED215966E80064A8D8 /* TyperMemoUITests.xctest */ = {isa = PBXFileReference; explicitFileType = wrapper.cfbundle; includeInIndex = 0; path = TyperMemoUITests.xctest; sourceTree = BUILT_PRODUCTS_DIR; };
		BD1FDFF1215966E80064A8D8 /* Info.plist */ = {isa = PBXFileReference; lastKnownFileType = text.plist.xml; path = Info.plist; sourceTree = "<group>"; };
		BD1FDFF7215966F80064A8D8 /* UITestCase.swift */ = {isa = PBXFileReference; fileEncoding = 4; lastKnownFileType = sourcecode.swift; path = UITestCase.swift; sourceTree = "<group>"; };
		BD1FDFF9215967220064A8D8 /* LabelViewControllerTest.swift */ = {isa = PBXFileReference; lastKnownFileType = sourcecode.swift; name = LabelViewControllerTest.swift; path = TyperMemoUITests/LabelViewControllerTest.swift; sourceTree = SOURCE_ROOT; };
		BD1FDFFC215968FD0064A8D8 /* AccIdentifier.swift */ = {isa = PBXFileReference; lastKnownFileType = sourcecode.swift; path = AccIdentifier.swift; sourceTree = "<group>"; };
		BD27CBE7216783EB00C805B4 /* UIView+IBInspectable.swift */ = {isa = PBXFileReference; lastKnownFileType = sourcecode.swift; path = "UIView+IBInspectable.swift"; sourceTree = "<group>"; };
		BD27CBE9216787F200C805B4 /* RedButton.swift */ = {isa = PBXFileReference; lastKnownFileType = sourcecode.swift; path = RedButton.swift; sourceTree = "<group>"; };
		BD27CBED2167974600C805B4 /* CGUtility.swift */ = {isa = PBXFileReference; lastKnownFileType = sourcecode.swift; path = CGUtility.swift; sourceTree = "<group>"; };
		BD31584D21680D05006DEDC9 /* AddMemo.storyboard */ = {isa = PBXFileReference; lastKnownFileType = file.storyboard; path = AddMemo.storyboard; sourceTree = "<group>"; };
		BD31584F21680D17006DEDC9 /* AddMemoViewController.swift */ = {isa = PBXFileReference; lastKnownFileType = sourcecode.swift; path = AddMemoViewController.swift; sourceTree = "<group>"; };
		BD31585321680EEA006DEDC9 /* AddMemoReactor.swift */ = {isa = PBXFileReference; fileEncoding = 4; lastKnownFileType = sourcecode.swift; path = AddMemoReactor.swift; sourceTree = "<group>"; };
		BD472164215081850015740A /* GeneratedMocks.swift */ = {isa = PBXFileReference; fileEncoding = 4; lastKnownFileType = sourcecode.swift; path = GeneratedMocks.swift; sourceTree = "<group>"; };
		BD4723C4214E8FE8002D84D2 /* ColorTheme.swift */ = {isa = PBXFileReference; lastKnownFileType = sourcecode.swift; path = ColorTheme.swift; sourceTree = "<group>"; };
		BD4723C6214E90C4002D84D2 /* ColorThemeTest.swift */ = {isa = PBXFileReference; lastKnownFileType = sourcecode.swift; path = ColorThemeTest.swift; sourceTree = "<group>"; };
		BD4723CE214F2E28002D84D2 /* UIColor+String.swift */ = {isa = PBXFileReference; lastKnownFileType = sourcecode.swift; path = "UIColor+String.swift"; sourceTree = "<group>"; };
		BD4BBB052158E11D00ED00C3 /* UIScrollView+Rx.swift */ = {isa = PBXFileReference; lastKnownFileType = sourcecode.swift; path = "UIScrollView+Rx.swift"; sourceTree = "<group>"; };
		BD4BBB0F2158E7AB00ED00C3 /* IGListKit.framework */ = {isa = PBXFileReference; lastKnownFileType = wrapper.framework; name = IGListKit.framework; path = Carthage/Build/iOS/IGListKit.framework; sourceTree = "<group>"; };
		BD4BBB112158E7E000ED00C3 /* RxSwift.framework */ = {isa = PBXFileReference; lastKnownFileType = wrapper.framework; name = RxSwift.framework; path = Carthage/Build/iOS/RxSwift.framework; sourceTree = "<group>"; };
		BD4BBB162158F92C00ED00C3 /* NewLabelModel.swift */ = {isa = PBXFileReference; lastKnownFileType = sourcecode.swift; path = NewLabelModel.swift; sourceTree = "<group>"; };
		BD4BBB222159050F00ED00C3 /* color.txt */ = {isa = PBXFileReference; fileEncoding = 4; lastKnownFileType = text; path = color.txt; sourceTree = "<group>"; };
		BD4BBB26215907F300ED00C3 /* Dimens.swift */ = {isa = PBXFileReference; lastKnownFileType = sourcecode.swift; path = Dimens.swift; sourceTree = "<group>"; };
		BD4BBB28215922A000ED00C3 /* RxCocoa.framework */ = {isa = PBXFileReference; lastKnownFileType = wrapper.framework; name = RxCocoa.framework; path = Carthage/Build/iOS/RxCocoa.framework; sourceTree = "<group>"; };
		BD4BBB2A215923EC00ED00C3 /* RxSwift.framework */ = {isa = PBXFileReference; explicitFileType = wrapper.framework; path = RxSwift.framework; sourceTree = BUILT_PRODUCTS_DIR; };
		BD4BBB2C2159240E00ED00C3 /* ReactorKit.framework */ = {isa = PBXFileReference; explicitFileType = wrapper.framework; path = ReactorKit.framework; sourceTree = BUILT_PRODUCTS_DIR; };
		BD5653D421565ABE00F378F0 /* MemoViewModel.swift */ = {isa = PBXFileReference; lastKnownFileType = sourcecode.swift; path = MemoViewModel.swift; sourceTree = "<group>"; };
		BD5653D721565CFA00F378F0 /* LabelViewController.swift */ = {isa = PBXFileReference; lastKnownFileType = sourcecode.swift; path = LabelViewController.swift; sourceTree = "<group>"; };
		BD5653EB2156642B00F378F0 /* LabelReactor.swift */ = {isa = PBXFileReference; lastKnownFileType = sourcecode.swift; path = LabelReactor.swift; sourceTree = "<group>"; };
		BD70173A21559FE900093C55 /* MemoSectionController.swift */ = {isa = PBXFileReference; lastKnownFileType = sourcecode.swift; path = MemoSectionController.swift; sourceTree = "<group>"; };
		BD780E1F214C9CD300FA9FDF /* Memo.swift */ = {isa = PBXFileReference; lastKnownFileType = sourcecode.swift; path = Memo.swift; sourceTree = "<group>"; };
		BD780E25214C9F7100FA9FDF /* CheckItem.swift */ = {isa = PBXFileReference; lastKnownFileType = sourcecode.swift; path = CheckItem.swift; sourceTree = "<group>"; };
		BD780E27214CA10200FA9FDF /* Label.swift */ = {isa = PBXFileReference; lastKnownFileType = sourcecode.swift; path = Label.swift; sourceTree = "<group>"; };
		BD7F9174215B1980001DE5E0 /* GeneratedMocks.swift */ = {isa = PBXFileReference; fileEncoding = 4; lastKnownFileType = sourcecode.swift; path = GeneratedMocks.swift; sourceTree = "<group>"; };
		BD7F9178215B2249001DE5E0 /* LabelReactorWithRealmTest.swift */ = {isa = PBXFileReference; lastKnownFileType = sourcecode.swift; path = LabelReactorWithRealmTest.swift; sourceTree = "<group>"; };
		BD7F917C215B2EF1001DE5E0 /* RealmServiceType.swift */ = {isa = PBXFileReference; lastKnownFileType = sourcecode.swift; path = RealmServiceType.swift; sourceTree = "<group>"; };
		BD7F917E215BA0FA001DE5E0 /* TestError.swift */ = {isa = PBXFileReference; lastKnownFileType = sourcecode.swift; path = TestError.swift; sourceTree = "<group>"; };
		BD81DDDC214C854000526054 /* TyperMemo.app */ = {isa = PBXFileReference; explicitFileType = wrapper.application; includeInIndex = 0; path = TyperMemo.app; sourceTree = BUILT_PRODUCTS_DIR; };
		BD81DDDF214C854000526054 /* AppDelegate.swift */ = {isa = PBXFileReference; lastKnownFileType = sourcecode.swift; path = AppDelegate.swift; sourceTree = "<group>"; };
		BD81DDE1214C854000526054 /* MainViewController.swift */ = {isa = PBXFileReference; lastKnownFileType = sourcecode.swift; path = MainViewController.swift; sourceTree = "<group>"; };
		BD81DDE4214C854000526054 /* Base */ = {isa = PBXFileReference; lastKnownFileType = file.storyboard; name = Base; path = Base.lproj/Main.storyboard; sourceTree = "<group>"; };
		BD81DDE7214C854000526054 /* TyperMemo.xcdatamodel */ = {isa = PBXFileReference; lastKnownFileType = wrapper.xcdatamodel; path = TyperMemo.xcdatamodel; sourceTree = "<group>"; };
		BD81DDEC214C854100526054 /* Base */ = {isa = PBXFileReference; lastKnownFileType = file.storyboard; name = Base; path = Base.lproj/LaunchScreen.storyboard; sourceTree = "<group>"; };
		BD81DDEE214C854100526054 /* Info.plist */ = {isa = PBXFileReference; lastKnownFileType = text.plist.xml; path = Info.plist; sourceTree = "<group>"; };
		BD81DDF3214C854100526054 /* TyperMemoTests.xctest */ = {isa = PBXFileReference; explicitFileType = wrapper.cfbundle; includeInIndex = 0; path = TyperMemoTests.xctest; sourceTree = BUILT_PRODUCTS_DIR; };
		BD81DDF7214C854100526054 /* TyperMemoTests.swift */ = {isa = PBXFileReference; lastKnownFileType = sourcecode.swift; path = TyperMemoTests.swift; sourceTree = "<group>"; };
		BD81DDF9214C854100526054 /* Info.plist */ = {isa = PBXFileReference; lastKnownFileType = text.plist.xml; path = Info.plist; sourceTree = "<group>"; };
		BD81DE2D214C8FE900526054 /* ko */ = {isa = PBXFileReference; lastKnownFileType = text.plist.strings; name = ko; path = ko.lproj/Main.strings; sourceTree = "<group>"; };
		BD81DE2E214C8FE900526054 /* ko */ = {isa = PBXFileReference; lastKnownFileType = text.plist.strings; name = ko; path = ko.lproj/LaunchScreen.strings; sourceTree = "<group>"; };
		BD81DE35214C903000526054 /* Assets.swift */ = {isa = PBXFileReference; fileEncoding = 4; lastKnownFileType = sourcecode.swift; path = Assets.swift; sourceTree = "<group>"; };
		BD81DE36214C903000526054 /* L10n.swift */ = {isa = PBXFileReference; fileEncoding = 4; lastKnownFileType = sourcecode.swift; path = L10n.swift; sourceTree = "<group>"; };
		BD81DE37214C903000526054 /* MyColor.swift */ = {isa = PBXFileReference; fileEncoding = 4; lastKnownFileType = sourcecode.swift; path = MyColor.swift; sourceTree = "<group>"; };
		BD88A2642163DD46004AFCBE /* Temp.storyboard */ = {isa = PBXFileReference; fileEncoding = 4; lastKnownFileType = file.storyboard; path = Temp.storyboard; sourceTree = "<group>"; };
		BD88A2652163DD46004AFCBE /* TempViewController.swift */ = {isa = PBXFileReference; fileEncoding = 4; lastKnownFileType = sourcecode.swift; path = TempViewController.swift; sourceTree = "<group>"; };
		BD88A2702163E868004AFCBE /* PersistenceError.swift */ = {isa = PBXFileReference; lastKnownFileType = sourcecode.swift; path = PersistenceError.swift; sourceTree = "<group>"; };
		BD88A2772163F43B004AFCBE /* ColorTheme+DataSource.swift */ = {isa = PBXFileReference; lastKnownFileType = sourcecode.swift; path = "ColorTheme+DataSource.swift"; sourceTree = "<group>"; };
		BD88A2792163FA88004AFCBE /* HasDisposeBag.swift */ = {isa = PBXFileReference; lastKnownFileType = sourcecode.swift; path = HasDisposeBag.swift; sourceTree = "<group>"; };
		BD9050B9214F580700425C8D /* RealmSwift.framework.dSYM */ = {isa = PBXFileReference; lastKnownFileType = wrapper.dsym; name = RealmSwift.framework.dSYM; path = Carthage/Build/iOS/RealmSwift.framework.dSYM; sourceTree = "<group>"; };
		BD9050BB214F581300425C8D /* RealmSwift.framework */ = {isa = PBXFileReference; lastKnownFileType = wrapper.framework; name = RealmSwift.framework; path = Carthage/Build/iOS/RealmSwift.framework; sourceTree = "<group>"; };
		BDA7F31F21637FD8002D9F3B /* DisposeBagAcceptable.swift */ = {isa = PBXFileReference; lastKnownFileType = sourcecode.swift; path = DisposeBagAcceptable.swift; sourceTree = "<group>"; };
		BDA7F32221638400002D9F3B /* AssociatedObjectStore.swift */ = {isa = PBXFileReference; lastKnownFileType = sourcecode.swift; path = AssociatedObjectStore.swift; sourceTree = "<group>"; };
		BDACB9DB2152099000AE2C50 /* FakeRealmCollectionValue.swift */ = {isa = PBXFileReference; lastKnownFileType = sourcecode.swift; path = FakeRealmCollectionValue.swift; sourceTree = "<group>"; };
		BDB5514121633B6D001B0138 /* DeallocationView.swift */ = {isa = PBXFileReference; fileEncoding = 4; lastKnownFileType = sourcecode.swift; path = DeallocationView.swift; sourceTree = "<group>"; };
		BDB5514321633B84001B0138 /* AppDelegate+Deallocation.swift */ = {isa = PBXFileReference; fileEncoding = 4; lastKnownFileType = sourcecode.swift; path = "AppDelegate+Deallocation.swift"; sourceTree = "<group>"; };
		BDBF37012158D86300953C77 /* Base */ = {isa = PBXFileReference; lastKnownFileType = text.plist.strings; name = Base; path = Base.lproj/Localizable.strings; sourceTree = "<group>"; };
		BDBF37052158DA7F00953C77 /* ExistLabelCell.swift */ = {isa = PBXFileReference; lastKnownFileType = sourcecode.swift; path = ExistLabelCell.swift; sourceTree = "<group>"; };
		BDC0E9DE2153BE2200BE8EE3 /* tyler-v1.realm */ = {isa = PBXFileReference; lastKnownFileType = file; path = "tyler-v1.realm"; sourceTree = "<group>"; };
		BDC0E9E02153BF1400BE8EE3 /* RealmMigration.swift */ = {isa = PBXFileReference; lastKnownFileType = sourcecode.swift; path = RealmMigration.swift; sourceTree = "<group>"; };
		BDC4D8A9216317A200ED5404 /* ColorThemeModel.swift */ = {isa = PBXFileReference; fileEncoding = 4; lastKnownFileType = sourcecode.swift; path = ColorThemeModel.swift; sourceTree = "<group>"; };
		BDC4D8AA216317A200ED5404 /* ColorThemeContainer.swift */ = {isa = PBXFileReference; fileEncoding = 4; lastKnownFileType = sourcecode.swift; path = ColorThemeContainer.swift; sourceTree = "<group>"; };
		BDC4D8AB216317A200ED5404 /* ColorThemeReactor.swift */ = {isa = PBXFileReference; fileEncoding = 4; lastKnownFileType = sourcecode.swift; path = ColorThemeReactor.swift; sourceTree = "<group>"; };
		BDC4D8AC216317A200ED5404 /* ColorThemeCollectionCell.swift */ = {isa = PBXFileReference; fileEncoding = 4; lastKnownFileType = sourcecode.swift; path = ColorThemeCollectionCell.swift; sourceTree = "<group>"; };
		BDC4D8B1216317B400ED5404 /* ColorThemeType.swift */ = {isa = PBXFileReference; fileEncoding = 4; lastKnownFileType = sourcecode.swift; path = ColorThemeType.swift; sourceTree = "<group>"; };
		BDE111CC2156A8440010FBD9 /* SwinjectStoryboard+setUp.swift */ = {isa = PBXFileReference; lastKnownFileType = sourcecode.swift; path = "SwinjectStoryboard+setUp.swift"; sourceTree = "<group>"; };
		BDE111D12156ADE30010FBD9 /* ServiceProvider.swift */ = {isa = PBXFileReference; lastKnownFileType = sourcecode.swift; path = ServiceProvider.swift; sourceTree = "<group>"; };
		BDE111D32156AE200010FBD9 /* MemoServiceType.swift */ = {isa = PBXFileReference; lastKnownFileType = sourcecode.swift; path = MemoServiceType.swift; sourceTree = "<group>"; };
		BDE111D72156B3770010FBD9 /* LabelServiceType.swift */ = {isa = PBXFileReference; lastKnownFileType = sourcecode.swift; path = LabelServiceType.swift; sourceTree = "<group>"; };
		BDE111D92156B5560010FBD9 /* Realm+Config.swift */ = {isa = PBXFileReference; lastKnownFileType = sourcecode.swift; path = "Realm+Config.swift"; sourceTree = "<group>"; };
		BDE111DF2157382B0010FBD9 /* LabelReactorTest.swift */ = {isa = PBXFileReference; lastKnownFileType = sourcecode.swift; path = LabelReactorTest.swift; sourceTree = "<group>"; };
		BDF2C0D0215E62C900845AD5 /* ReactorKit.framework */ = {isa = PBXFileReference; explicitFileType = wrapper.framework; path = ReactorKit.framework; sourceTree = BUILT_PRODUCTS_DIR; };
		BDF2C10D215E6F7900845AD5 /* Realm.framework */ = {isa = PBXFileReference; lastKnownFileType = wrapper.framework; name = Realm.framework; path = Carthage/Build/iOS/Realm.framework; sourceTree = "<group>"; };
		BDF97B892158B71C00696102 /* Assets.xcassets */ = {isa = PBXFileReference; lastKnownFileType = folder.assetcatalog; path = Assets.xcassets; sourceTree = "<group>"; };
		BDF97B8B2158B9A700696102 /* SVG.playground */ = {isa = PBXFileReference; lastKnownFileType = file.playground; path = SVG.playground; sourceTree = "<group>"; xcLanguageSpecificationIdentifier = xcode.lang.swift; };
		BDF97B942158BAB700696102 /* SwiftSVG.framework */ = {isa = PBXFileReference; explicitFileType = wrapper.framework; path = SwiftSVG.framework; sourceTree = BUILT_PRODUCTS_DIR; };
		BDFC8A7A2155AD5E00A042B5 /* MemoViewCell.swift */ = {isa = PBXFileReference; lastKnownFileType = sourcecode.swift; path = MemoViewCell.swift; sourceTree = "<group>"; };
		BDFC8A7F2155BBCE00A042B5 /* AppSupports.swift */ = {isa = PBXFileReference; lastKnownFileType = sourcecode.swift; path = AppSupports.swift; sourceTree = "<group>"; };
		BDFCBA0B21566BF2008B935E /* UIViewController+Rx.swift */ = {isa = PBXFileReference; lastKnownFileType = sourcecode.swift; path = "UIViewController+Rx.swift"; sourceTree = "<group>"; };
		DDA781FEA10E5CCA1B0D7444 /* Pods_TyperMemo.framework */ = {isa = PBXFileReference; explicitFileType = wrapper.framework; includeInIndex = 0; path = Pods_TyperMemo.framework; sourceTree = BUILT_PRODUCTS_DIR; };
		E195EA646989D473F3C0C519 /* Pods-TyperMemoUITests.debug.xcconfig */ = {isa = PBXFileReference; includeInIndex = 1; lastKnownFileType = text.xcconfig; name = "Pods-TyperMemoUITests.debug.xcconfig"; path = "Pods/Target Support Files/Pods-TyperMemoUITests/Pods-TyperMemoUITests.debug.xcconfig"; sourceTree = "<group>"; };
/* End PBXFileReference section */

/* Begin PBXFrameworksBuildPhase section */
		BD1FDFEA215966E80064A8D8 /* Frameworks */ = {
			isa = PBXFrameworksBuildPhase;
			buildActionMask = 2147483647;
			files = (
				6BCAA545D8B90187674BCD3F /* Pods_TyperMemoUITests.framework in Frameworks */,
			);
			runOnlyForDeploymentPostprocessing = 0;
		};
		BD81DDD9214C854000526054 /* Frameworks */ = {
			isa = PBXFrameworksBuildPhase;
			buildActionMask = 2147483647;
			files = (
				6A3BDCA4CFB6F1547521DD46 /* Pods_TyperMemo.framework in Frameworks */,
			);
			runOnlyForDeploymentPostprocessing = 0;
		};
		BD81DDF0214C854100526054 /* Frameworks */ = {
			isa = PBXFrameworksBuildPhase;
			buildActionMask = 2147483647;
			files = (
				BDF2C10A215E699500845AD5 /* RealmSwift.framework in Frameworks */,
				BD4BBB2D2159240E00ED00C3 /* ReactorKit.framework in Frameworks */,
				C5C96A95A1714223D68E9E46 /* Pods_TyperMemoTests.framework in Frameworks */,
			);
			runOnlyForDeploymentPostprocessing = 0;
		};
/* End PBXFrameworksBuildPhase section */

/* Begin PBXGroup section */
		44DCBEA593D0A2D6E39A8006 /* Frameworks */ = {
			isa = PBXGroup;
			children = (
				BDF2C10D215E6F7900845AD5 /* Realm.framework */,
				BDF2C0D0215E62C900845AD5 /* ReactorKit.framework */,
				BD1FDFCB215961850064A8D8 /* ReactorKit.framework */,
				BD1FDFC2215959DC0064A8D8 /* ReactorKit.framework */,
				BD4BBB2C2159240E00ED00C3 /* ReactorKit.framework */,
				BD4BBB2A215923EC00ED00C3 /* RxSwift.framework */,
				BD4BBB28215922A000ED00C3 /* RxCocoa.framework */,
				BD4BBB112158E7E000ED00C3 /* RxSwift.framework */,
				BD4BBB0F2158E7AB00ED00C3 /* IGListKit.framework */,
				BDF97B942158BAB700696102 /* SwiftSVG.framework */,
				BD9050BB214F581300425C8D /* RealmSwift.framework */,
				BD9050B9214F580700425C8D /* RealmSwift.framework.dSYM */,
				DDA781FEA10E5CCA1B0D7444 /* Pods_TyperMemo.framework */,
				02BFA87AD059AEEDB7D8E415 /* Pods_TyperMemoTests.framework */,
				ABA69393FEE8E1302993682E /* Pods_TyperMemoUITests.framework */,
			);
			name = Frameworks;
			sourceTree = "<group>";
		};
		BD1FDFEE215966E80064A8D8 /* TyperMemoUITests */ = {
			isa = PBXGroup;
			children = (
				BD7F9174215B1980001DE5E0 /* GeneratedMocks.swift */,
				BD1FDFF9215967220064A8D8 /* LabelViewControllerTest.swift */,
				BD1FDFF7215966F80064A8D8 /* UITestCase.swift */,
				BD1FDFF1215966E80064A8D8 /* Info.plist */,
			);
			path = TyperMemoUITests;
			sourceTree = "<group>";
		};
		BD31584C21680CEB006DEDC9 /* AddMemo */ = {
			isa = PBXGroup;
			children = (
				BD31585321680EEA006DEDC9 /* AddMemoReactor.swift */,
				BD31584D21680D05006DEDC9 /* AddMemo.storyboard */,
				BD31584F21680D17006DEDC9 /* AddMemoViewController.swift */,
			);
			name = AddMemo;
			path = "New Group1";
			sourceTree = "<group>";
		};
		BD4BBB21215904FD00ED00C3 /* Resources */ = {
			isa = PBXGroup;
			children = (
				BD4BBB222159050F00ED00C3 /* color.txt */,
				BD4BBB26215907F300ED00C3 /* Dimens.swift */,
				BD1FDFFC215968FD0064A8D8 /* AccIdentifier.swift */,
			);
			path = Resources;
			sourceTree = "<group>";
		};
		BD5653D621565C9D00F378F0 /* Label */ = {
			isa = PBXGroup;
			children = (
				BD0FD0F62158979700EAE5E0 /* Label.storyboard */,
				BD5653D721565CFA00F378F0 /* LabelViewController.swift */,
				BD5653EB2156642B00F378F0 /* LabelReactor.swift */,
				BD0FD0EF2158966C00EAE5E0 /* LabelSectionController.swift */,
				BD0FD0FF21589BFD00EAE5E0 /* NewLabelCell.swift */,
				BDBF37052158DA7F00953C77 /* ExistLabelCell.swift */,
				BD0FD1052158A60800EAE5E0 /* LabelViewModel.swift */,
				BD4BBB162158F92C00ED00C3 /* NewLabelModel.swift */,
			);
			path = Label;
			sourceTree = "<group>";
		};
		BD6606CE215534820012BC3C /* Main */ = {
			isa = PBXGroup;
			children = (
				BD81DDE1214C854000526054 /* MainViewController.swift */,
				BD70173A21559FE900093C55 /* MemoSectionController.swift */,
				BDFC8A7A2155AD5E00A042B5 /* MemoViewCell.swift */,
				BD5653D421565ABE00F378F0 /* MemoViewModel.swift */,
			);
			path = Main;
			sourceTree = "<group>";
		};
		BD6606CF215534A90012BC3C /* Extension */ = {
			isa = PBXGroup;
			children = (
				BD27CBE7216783EB00C805B4 /* UIView+IBInspectable.swift */,
				BD4723CE214F2E28002D84D2 /* UIColor+String.swift */,
				BD05CA802164535E00D9DEE0 /* String+.swift */,
				BD4BBB052158E11D00ED00C3 /* UIScrollView+Rx.swift */,
				BDFCBA0B21566BF2008B935E /* UIViewController+Rx.swift */,
				BD27CBED2167974600C805B4 /* CGUtility.swift */,
			);
			path = Extension;
			sourceTree = "<group>";
		};
		BD780E1E214C9CC000FA9FDF /* Persistence */ = {
			isa = PBXGroup;
			children = (
				BD88A2702163E868004AFCBE /* PersistenceError.swift */,
				BD780E1F214C9CD300FA9FDF /* Memo.swift */,
				BD780E25214C9F7100FA9FDF /* CheckItem.swift */,
				BD780E27214CA10200FA9FDF /* Label.swift */,
				BD4723C4214E8FE8002D84D2 /* ColorTheme.swift */,
			);
			path = Persistence;
			sourceTree = "<group>";
		};
		BD81DDD3214C854000526054 = {
			isa = PBXGroup;
			children = (
				BDF97B8B2158B9A700696102 /* SVG.playground */,
				BDE111D92156B5560010FBD9 /* Realm+Config.swift */,
				BD81DDDE214C854000526054 /* Source */,
				BD81DDF6214C854100526054 /* TyperMemoTests */,
				BD1FDFEE215966E80064A8D8 /* TyperMemoUITests */,
				BD81DDDD214C854000526054 /* Products */,
				F2DA7943BD69E1932B60FF88 /* Pods */,
				44DCBEA593D0A2D6E39A8006 /* Frameworks */,
			);
			sourceTree = "<group>";
		};
		BD81DDDD214C854000526054 /* Products */ = {
			isa = PBXGroup;
			children = (
				BD81DDDC214C854000526054 /* TyperMemo.app */,
				BD81DDF3214C854100526054 /* TyperMemoTests.xctest */,
				BD1FDFED215966E80064A8D8 /* TyperMemoUITests.xctest */,
			);
			name = Products;
			sourceTree = "<group>";
		};
		BD81DDDE214C854000526054 /* Source */ = {
			isa = PBXGroup;
			children = (
				BD88A2642163DD46004AFCBE /* Temp.storyboard */,
				BD88A2652163DD46004AFCBE /* TempViewController.swift */,
				BD4BBB21215904FD00ED00C3 /* Resources */,
				BDE111D02156ADD80010FBD9 /* Services */,
				BD780E1E214C9CC000FA9FDF /* Persistence */,
				BD81DE34214C903000526054 /* Generated */,
				BD81DE10214C857100526054 /* Supporting Files */,
				BD81DDDF214C854000526054 /* AppDelegate.swift */,
				BDB5514321633B84001B0138 /* AppDelegate+Deallocation.swift */,
				BDC0E9E02153BF1400BE8EE3 /* RealmMigration.swift */,
				BDE111CC2156A8440010FBD9 /* SwinjectStoryboard+setUp.swift */,
				BDA7F32121638007002D9F3B /* Common */,
				BD31584C21680CEB006DEDC9 /* AddMemo */,
				BDC4D8A7216317A200ED5404 /* Components */,
				BD5653D621565C9D00F378F0 /* Label */,
				BD6606CE215534820012BC3C /* Main */,
				BD6606CF215534A90012BC3C /* Extension */,
				BD27CBE9216787F200C805B4 /* RedButton.swift */,
			);
			path = Source;
			sourceTree = "<group>";
		};
		BD81DDF6214C854100526054 /* TyperMemoTests */ = {
			isa = PBXGroup;
			children = (
				BD472164215081850015740A /* GeneratedMocks.swift */,
				BDACB9DB2152099000AE2C50 /* FakeRealmCollectionValue.swift */,
				BD81DDF9214C854100526054 /* Info.plist */,
				BD05CA8221645A0700D9DEE0 /* UIColor+HexTest.swift */,
				BDE111DF2157382B0010FBD9 /* LabelReactorTest.swift */,
				BD7F9178215B2249001DE5E0 /* LabelReactorWithRealmTest.swift */,
				BD4723C6214E90C4002D84D2 /* ColorThemeTest.swift */,
				BD1C7FAF214E819700C58B67 /* LabelTest.swift */,
				BD1C7FA7214E68E600C58B67 /* MemoTest.swift */,
				BD1C7FA5214E661D00C58B67 /* RealmSpec.swift */,
				BD81DDF7214C854100526054 /* TyperMemoTests.swift */,
				BD7F917E215BA0FA001DE5E0 /* TestError.swift */,
			);
			path = TyperMemoTests;
			sourceTree = "<group>";
		};
		BD81DE10214C857100526054 /* Supporting Files */ = {
			isa = PBXGroup;
			children = (
				BDBF37002158D86300953C77 /* Localizable.strings */,
				BDC0E9DE2153BE2200BE8EE3 /* tyler-v1.realm */,
				BDF97B892158B71C00696102 /* Assets.xcassets */,
				BD81DDE6214C854000526054 /* TyperMemo.xcdatamodeld */,
				BD81DDE3214C854000526054 /* Main.storyboard */,
				BD81DDEB214C854100526054 /* LaunchScreen.storyboard */,
				BD81DDEE214C854100526054 /* Info.plist */,
				BDFC8A7F2155BBCE00A042B5 /* AppSupports.swift */,
			);
			name = "Supporting Files";
			sourceTree = "<group>";
		};
		BD81DE34214C903000526054 /* Generated */ = {
			isa = PBXGroup;
			children = (
				BD81DE35214C903000526054 /* Assets.swift */,
				BD81DE36214C903000526054 /* L10n.swift */,
				BD81DE37214C903000526054 /* MyColor.swift */,
			);
			path = Generated;
			sourceTree = "<group>";
		};
		BDA7F32121638007002D9F3B /* Common */ = {
			isa = PBXGroup;
			children = (
				BD88A2792163FA88004AFCBE /* HasDisposeBag.swift */,
				BD1FDFBD21594FF70064A8D8 /* StoryboardInitializable.swift */,
				BDB5514121633B6D001B0138 /* DeallocationView.swift */,
				BDA7F31F21637FD8002D9F3B /* DisposeBagAcceptable.swift */,
				BDA7F32221638400002D9F3B /* AssociatedObjectStore.swift */,
			);
			name = Common;
			path = "New Group";
			sourceTree = "<group>";
		};
		BDC4D8A7216317A200ED5404 /* Components */ = {
			isa = PBXGroup;
			children = (
				BDC4D8A8216317A200ED5404 /* ColorTheme */,
			);
			path = Components;
			sourceTree = "<group>";
		};
		BDC4D8A8216317A200ED5404 /* ColorTheme */ = {
			isa = PBXGroup;
			children = (
				BDC4D8A9216317A200ED5404 /* ColorThemeModel.swift */,
				BDC4D8AA216317A200ED5404 /* ColorThemeContainer.swift */,
				BDC4D8AB216317A200ED5404 /* ColorThemeReactor.swift */,
				BDC4D8AC216317A200ED5404 /* ColorThemeCollectionCell.swift */,
				BD88A2772163F43B004AFCBE /* ColorTheme+DataSource.swift */,
			);
			path = ColorTheme;
			sourceTree = "<group>";
		};
		BDE111D02156ADD80010FBD9 /* Services */ = {
			isa = PBXGroup;
			children = (
				BDC4D8B1216317B400ED5404 /* ColorThemeType.swift */,
				BDE111D12156ADE30010FBD9 /* ServiceProvider.swift */,
				BDE111D32156AE200010FBD9 /* MemoServiceType.swift */,
				BDE111D72156B3770010FBD9 /* LabelServiceType.swift */,
				BD7F917C215B2EF1001DE5E0 /* RealmServiceType.swift */,
			);
			path = Services;
			sourceTree = "<group>";
		};
		F2DA7943BD69E1932B60FF88 /* Pods */ = {
			isa = PBXGroup;
			children = (
				3A314C1A929D40263F2969F0 /* Pods-TyperMemo.debug.xcconfig */,
				140F670253CFD21A1DB0D703 /* Pods-TyperMemo.release.xcconfig */,
				94A36D3E079F46FF3E7E270E /* Pods-TyperMemoTests.debug.xcconfig */,
				3456891B03C77DE9BD59E7AD /* Pods-TyperMemoTests.release.xcconfig */,
				E195EA646989D473F3C0C519 /* Pods-TyperMemoUITests.debug.xcconfig */,
				006F8AE46E189167BAF12D0E /* Pods-TyperMemoUITests.release.xcconfig */,
			);
			name = Pods;
			sourceTree = "<group>";
		};
/* End PBXGroup section */

/* Begin PBXNativeTarget section */
		BD1FDFEC215966E80064A8D8 /* TyperMemoUITests */ = {
			isa = PBXNativeTarget;
			buildConfigurationList = BD1FDFF4215966E80064A8D8 /* Build configuration list for PBXNativeTarget "TyperMemoUITests" */;
			buildPhases = (
				BEED0EB54C9709F9EC7442F5 /* [CP] Check Pods Manifest.lock */,
				BD1FDFE9215966E80064A8D8 /* Sources */,
				BD1FDFEA215966E80064A8D8 /* Frameworks */,
				BD1FDFEB215966E80064A8D8 /* Resources */,
				DE7B794C685EF61EAF16B1C1 /* [CP] Embed Pods Frameworks */,
				C4010E4A2752D01F085AAA46 /* [CP] Copy Pods Resources */,
				BDF2C110215E719400845AD5 /* Copy Carthage Resources */,
			);
			buildRules = (
			);
			dependencies = (
				BD1FDFF3215966E80064A8D8 /* PBXTargetDependency */,
			);
			name = TyperMemoUITests;
			productName = TyperMemoUITests;
			productReference = BD1FDFED215966E80064A8D8 /* TyperMemoUITests.xctest */;
			productType = "com.apple.product-type.bundle.ui-testing";
		};
		BD81DDDB214C854000526054 /* TyperMemo */ = {
			isa = PBXNativeTarget;
			buildConfigurationList = BD81DE07214C854200526054 /* Build configuration list for PBXNativeTarget "TyperMemo" */;
			buildPhases = (
				CF42814D86C14D1202CAD488 /* [CP] Check Pods Manifest.lock */,
				BD81DE17214C8DFD00526054 /* Run SwiftGen */,
				BD81DE3B214C91B500526054 /* Run SwiftLint */,
				BD1C7FA0214E605500C58B67 /* Set version number */,
				BD81DDD8214C854000526054 /* Sources */,
				BD81DDD9214C854000526054 /* Frameworks */,
				BD81DDDA214C854000526054 /* Resources */,
				0F9B334298E842693965185B /* [CP] Embed Pods Frameworks */,
				E00C3A8F30CB21DD53EBE5D3 /* [CP] Copy Pods Resources */,
				BD81DE11214C898800526054 /* Copy Carthage Resources */,
				BD472160215081440015740A /* Generate Mock */,
				BD88A2632163D9F3004AFCBE /* show mark */,
			);
			buildRules = (
			);
			dependencies = (
			);
			name = TyperMemo;
			productName = TyperMemo;
			productReference = BD81DDDC214C854000526054 /* TyperMemo.app */;
			productType = "com.apple.product-type.application";
		};
		BD81DDF2214C854100526054 /* TyperMemoTests */ = {
			isa = PBXNativeTarget;
			buildConfigurationList = BD81DE0A214C854200526054 /* Build configuration list for PBXNativeTarget "TyperMemoTests" */;
			buildPhases = (
				BA4DFC23B009E0DB02F748D7 /* [CP] Check Pods Manifest.lock */,
				BD81DDEF214C854100526054 /* Sources */,
				BD81DDF0214C854100526054 /* Frameworks */,
				BD81DDF1214C854100526054 /* Resources */,
				E0BE9881F6FF72469A4C409E /* [CP] Embed Pods Frameworks */,
				3237041E6C4A1230EA68D561 /* [CP] Copy Pods Resources */,
			);
			buildRules = (
			);
			dependencies = (
				BD81DDF5214C854100526054 /* PBXTargetDependency */,
			);
			name = TyperMemoTests;
			productName = TyperMemoTests;
			productReference = BD81DDF3214C854100526054 /* TyperMemoTests.xctest */;
			productType = "com.apple.product-type.bundle.unit-test";
		};
/* End PBXNativeTarget section */

/* Begin PBXProject section */
		BD81DDD4214C854000526054 /* Project object */ = {
			isa = PBXProject;
			attributes = {
				LastSwiftUpdateCheck = 0940;
				LastUpgradeCheck = 0940;
				ORGANIZATIONNAME = tskim;
				TargetAttributes = {
					BD1FDFEC215966E80064A8D8 = {
						CreatedOnToolsVersion = 9.4.1;
						TestTargetID = BD81DDDB214C854000526054;
					};
					BD81DDDB214C854000526054 = {
						CreatedOnToolsVersion = 9.4.1;
					};
					BD81DDF2214C854100526054 = {
						CreatedOnToolsVersion = 9.4.1;
						TestTargetID = BD81DDDB214C854000526054;
					};
				};
			};
			buildConfigurationList = BD81DDD7214C854000526054 /* Build configuration list for PBXProject "TyperMemo" */;
			compatibilityVersion = "Xcode 10.0";
			developmentRegion = en;
			hasScannedForEncodings = 0;
			knownRegions = (
				en,
				Base,
				ko,
			);
			mainGroup = BD81DDD3214C854000526054;
			productRefGroup = BD81DDDD214C854000526054 /* Products */;
			projectDirPath = "";
			projectRoot = "";
			targets = (
				BD81DDDB214C854000526054 /* TyperMemo */,
				BD81DDF2214C854100526054 /* TyperMemoTests */,
				BD1FDFEC215966E80064A8D8 /* TyperMemoUITests */,
			);
		};
/* End PBXProject section */

/* Begin PBXResourcesBuildPhase section */
		BD1FDFEB215966E80064A8D8 /* Resources */ = {
			isa = PBXResourcesBuildPhase;
			buildActionMask = 2147483647;
			files = (
			);
			runOnlyForDeploymentPostprocessing = 0;
		};
		BD81DDDA214C854000526054 /* Resources */ = {
			isa = PBXResourcesBuildPhase;
			buildActionMask = 2147483647;
			files = (
				BD81DDED214C854100526054 /* LaunchScreen.storyboard in Resources */,
				BDC0E9DF2153BE5400BE8EE3 /* tyler-v1.realm in Resources */,
				BDBF37022158D86300953C77 /* Localizable.strings in Resources */,
				BDF97B8A2158B71C00696102 /* Assets.xcassets in Resources */,
				BD88A2662163DD46004AFCBE /* Temp.storyboard in Resources */,
				BD4BBB232159050F00ED00C3 /* color.txt in Resources */,
				BD31584E21680D05006DEDC9 /* AddMemo.storyboard in Resources */,
				BD0FD0F82158979700EAE5E0 /* Label.storyboard in Resources */,
				BD81DDE5214C854000526054 /* Main.storyboard in Resources */,
			);
			runOnlyForDeploymentPostprocessing = 0;
		};
		BD81DDF1214C854100526054 /* Resources */ = {
			isa = PBXResourcesBuildPhase;
			buildActionMask = 2147483647;
			files = (
			);
			runOnlyForDeploymentPostprocessing = 0;
		};
/* End PBXResourcesBuildPhase section */

/* Begin PBXShellScriptBuildPhase section */
		0F9B334298E842693965185B /* [CP] Embed Pods Frameworks */ = {
			isa = PBXShellScriptBuildPhase;
			buildActionMask = 2147483647;
			files = (
			);
			inputPaths = (
				"${SRCROOT}/Pods/Target Support Files/Pods-TyperMemo/Pods-TyperMemo-frameworks.sh",
				"${BUILT_PRODUCTS_DIR}/ReactorKit/ReactorKit.framework",
				"${BUILT_PRODUCTS_DIR}/Result/Result.framework",
				"${BUILT_PRODUCTS_DIR}/RxSwift/RxSwift.framework",
				"${BUILT_PRODUCTS_DIR}/Then/Then.framework",
				"${BUILT_PRODUCTS_DIR}/UICheckbox.Swift/UICheckbox_Swift.framework",
				"${BUILT_PRODUCTS_DIR}/UIColor_Hex_Swift/UIColor_Hex_Swift.framework",
			);
			name = "[CP] Embed Pods Frameworks";
			outputPaths = (
				"${TARGET_BUILD_DIR}/${FRAMEWORKS_FOLDER_PATH}/ReactorKit.framework",
				"${TARGET_BUILD_DIR}/${FRAMEWORKS_FOLDER_PATH}/Result.framework",
				"${TARGET_BUILD_DIR}/${FRAMEWORKS_FOLDER_PATH}/RxSwift.framework",
				"${TARGET_BUILD_DIR}/${FRAMEWORKS_FOLDER_PATH}/Then.framework",
				"${TARGET_BUILD_DIR}/${FRAMEWORKS_FOLDER_PATH}/UICheckbox_Swift.framework",
				"${TARGET_BUILD_DIR}/${FRAMEWORKS_FOLDER_PATH}/UIColor_Hex_Swift.framework",
			);
			runOnlyForDeploymentPostprocessing = 0;
			shellPath = /bin/sh;
			shellScript = "\"${SRCROOT}/Pods/Target Support Files/Pods-TyperMemo/Pods-TyperMemo-frameworks.sh\"\n";
			showEnvVarsInLog = 0;
		};
		3237041E6C4A1230EA68D561 /* [CP] Copy Pods Resources */ = {
			isa = PBXShellScriptBuildPhase;
			buildActionMask = 2147483647;
			files = (
			);
			inputPaths = (
			);
			name = "[CP] Copy Pods Resources";
			outputPaths = (
			);
			runOnlyForDeploymentPostprocessing = 0;
			shellPath = /bin/sh;
			shellScript = "\"${SRCROOT}/Pods/Target Support Files/Pods-TyperMemoTests/Pods-TyperMemoTests-resources.sh\"\n";
			showEnvVarsInLog = 0;
		};
		BA4DFC23B009E0DB02F748D7 /* [CP] Check Pods Manifest.lock */ = {
			isa = PBXShellScriptBuildPhase;
			buildActionMask = 2147483647;
			files = (
			);
			inputPaths = (
				"${PODS_PODFILE_DIR_PATH}/Podfile.lock",
				"${PODS_ROOT}/Manifest.lock",
			);
			name = "[CP] Check Pods Manifest.lock";
			outputPaths = (
				"$(DERIVED_FILE_DIR)/Pods-TyperMemoTests-checkManifestLockResult.txt",
			);
			runOnlyForDeploymentPostprocessing = 0;
			shellPath = /bin/sh;
			shellScript = "diff \"${PODS_PODFILE_DIR_PATH}/Podfile.lock\" \"${PODS_ROOT}/Manifest.lock\" > /dev/null\nif [ $? != 0 ] ; then\n    # print error to STDERR\n    echo \"error: The sandbox is not in sync with the Podfile.lock. Run 'pod install' or update your CocoaPods installation.\" >&2\n    exit 1\nfi\n# This output is used by Xcode 'outputs' to avoid re-running this script phase.\necho \"SUCCESS\" > \"${SCRIPT_OUTPUT_FILE_0}\"\n";
			showEnvVarsInLog = 0;
		};
		BD1C7FA0214E605500C58B67 /* Set version number */ = {
			isa = PBXShellScriptBuildPhase;
			buildActionMask = 2147483647;
			files = (
			);
			inputPaths = (
			);
			name = "Set version number";
			outputPaths = (
			);
			runOnlyForDeploymentPostprocessing = 0;
			shellPath = /bin/sh;
			shellScript = "git=$(sh /etc/profile; which git)\ngit_release_version=$(\"$git\" describe --tags --always --abbrev=0)\nnumber_of_commits=$(\"$git\" rev-list master | wc -l | tr -d ' ')\ntarget_plist=\"$TARGET_BUILD_DIR/$INFOPLIST_PATH\"\ndsym_plist=\"$DWARF_DSYM_FOLDER_PATH/$DWARF_DSYM_FILE_NAME/Contents/Info.plist\"\n\nfor plist in \"$target_plist\" \"$dsym_plist\"; do\nif [ -f \"$plist\" ]; then\n/usr/libexec/PlistBuddy -c \"Set :CFBundleVersion $number_of_commits\" \"$plist\"\n/usr/libexec/PlistBuddy -c \"Set :CFBundleShortVersionString ${git_release_version#*v}\" \"$plist\"\nfi\ndone\n";
		};
		BD472160215081440015740A /* Generate Mock */ = {
			isa = PBXShellScriptBuildPhase;
			buildActionMask = 2147483647;
			files = (
			);
			inputPaths = (
				"",
			);
			name = "Generate Mock";
			outputPaths = (
				$PROJECT_DIR/TyperMemoTests/GeneratedMocks.swift,
				$PROJECT_DIR/TyperMemoUITests/GeneratedMocks.swift,
			);
			runOnlyForDeploymentPostprocessing = 0;
			shellPath = /bin/sh;
			shellScript = "OUTPUT_FILE=\"$PROJECT_DIR/TyperMemoTests/GeneratedMocks.swift\"\nOUTPUT_UI_FILE=\"$PROJECT_DIR/TyperMemoUITests/GeneratedMocks.swift\"\n\necho \"Generated Mocks File = $OUTPUT_FILE\"\n\nINPUT_DIR=\"${PROJECT_DIR}/Source\"\n\n\"Carthage/Checkouts/Cuckoo/run\" generate --testable \"$PROJECT_NAME\" \\\n--output \"$OUTPUT_FILE\" \\\n\"$INPUT_DIR/Services/ServiceProvider.swift\" \\\n\"$INPUT_DIR/Services/MemoServiceType.swift\" \\\n\"$INPUT_DIR/Services/LabelServiceType.swift\" \\\n\n\n";
		};
		BD81DE11214C898800526054 /* Copy Carthage Resources */ = {
			isa = PBXShellScriptBuildPhase;
			buildActionMask = 2147483647;
			files = (
			);
			inputPaths = (
				"$(SRCROOT)/Carthage/Build/iOS/Realm.framework",
				"$(SRCROOT)/Carthage/Build/iOS/RxTest.framework",
				"$(SRCROOT)/Carthage/Build/iOS/RxCocoa.framework",
				"$(SRCROOT)/Carthage/Build/iOS/Moya.framework",
				"$(SRCROOT)/Carthage/Build/iOS/SnapKit.framework",
				"$(SRCROOT)/Carthage/Build/iOS/RxDataSources.framework",
				"$(SRCROOT)/Carthage/Build/iOS/RxBlocking.framework",
				"$(SRCROOT)/Carthage/Build/iOS/RealmSwift.framework",
				"$(SRCROOT)/Carthage/Build/iOS/Hero.framework",
				"$(SRCROOT)/Carthage/Build/iOS/IGListKit.framework",
				"$(SRCROOT)/Carthage/Build/iOS/ReactiveMoya.framework",
				"$(SRCROOT)/Carthage/Build/iOS/Alamofire.framework",
				"$(SRCROOT)/Carthage/Build/iOS/XCGLogger.framework",
				"$(SRCROOT)/Carthage/Build/iOS/Cuckoo.framework",
				"$(SRCROOT)/Carthage/Build/iOS/Swinject.framework",
				"$(SRCROOT)/Carthage/Build/iOS/ObjcExceptionBridging.framework",
				"$(SRCROOT)/Carthage/Build/iOS/SwinjectStoryboard.framework",
				"$(SRCROOT)/Carthage/Build/iOS/RxRealm.framework",
				"$(SRCROOT)/Carthage/Build/iOS/RxSwift.framework",
				"$(SRCROOT)/Carthage/Build/iOS/SwiftSVG.framework",
				"$(SRCROOT)/Carthage/Build/iOS/RxOptional.framework",
				"$(SRCROOT)/Carthage/Build/iOS/Differentiator.framework",
				"$(SRCROOT)/Carthage/Build/iOS/DeallocationChecker.framework",
				"$(SRCROOT)/Carthage/Build/iOS/Kingfisher.framework",
			);
			name = "Copy Carthage Resources";
			outputPaths = (
			);
			runOnlyForDeploymentPostprocessing = 0;
			shellPath = /bin/sh;
			shellScript = "/usr/local/bin/carthage copy-frameworks\n";
		};
		BD81DE17214C8DFD00526054 /* Run SwiftGen */ = {
			isa = PBXShellScriptBuildPhase;
			buildActionMask = 2147483647;
			files = (
			);
			inputPaths = (
			);
			name = "Run SwiftGen";
			outputPaths = (
			);
			runOnlyForDeploymentPostprocessing = 0;
			shellPath = /bin/sh;
			shellScript = "$PODS_ROOT/SwiftGen/bin/swiftgen config run --config swiftgen.yml --verbose\n\n";
		};
		BD81DE3B214C91B500526054 /* Run SwiftLint */ = {
			isa = PBXShellScriptBuildPhase;
			buildActionMask = 2147483647;
			files = (
			);
			inputPaths = (
			);
			name = "Run SwiftLint";
			outputPaths = (
			);
			runOnlyForDeploymentPostprocessing = 0;
			shellPath = /bin/sh;
			shellScript = "if which swiftlint >/dev/null; then\nswiftlint\nelse\necho \"warning: SwiftLint not installed, download from https://github.com/realm/SwiftLint\"\nfi";
		};
		BD88A2632163D9F3004AFCBE /* show mark */ = {
			isa = PBXShellScriptBuildPhase;
			buildActionMask = 2147483647;
			files = (
			);
			inputFileListPaths = (
			);
			inputPaths = (
			);
			name = "show mark";
			outputFileListPaths = (
			);
			outputPaths = (
			);
			runOnlyForDeploymentPostprocessing = 0;
			shellPath = /bin/sh;
			shellScript = "KEYWORDS=\"TODO|FIXME|\\?\\?\\?:|\\!\\!\\!:\"\nfind \"$PROJECT_DIR/Source\" \\( -name \"*.swift\" \\) -print0 | \\\nxargs -0 egrep --with-filename --line-number --only-matching \"($KEYWORDS).*\\$\" | \\\nperl -p -e \"s/($KEYWORDS)/ warning: \\$1/\"\n";
		};
		BDF2C110215E719400845AD5 /* Copy Carthage Resources */ = {
			isa = PBXShellScriptBuildPhase;
			buildActionMask = 2147483647;
			files = (
			);
			inputFileListPaths = (
			);
			inputPaths = (
				"$(SRCROOT)/Carthage/Build/iOS/Realm.framework",
				"$(SRCROOT)/Carthage/Build/iOS/RealmSwift.framework",
			);
			name = "Copy Carthage Resources";
			outputFileListPaths = (
			);
			outputPaths = (
			);
			runOnlyForDeploymentPostprocessing = 0;
			shellPath = /bin/sh;
			shellScript = "# Type a script or drag a script file from your workspace to insert its path.\n/usr/local/bin/carthage copy-frameworks\n";
		};
		BEED0EB54C9709F9EC7442F5 /* [CP] Check Pods Manifest.lock */ = {
			isa = PBXShellScriptBuildPhase;
			buildActionMask = 2147483647;
			files = (
			);
			inputPaths = (
				"${PODS_PODFILE_DIR_PATH}/Podfile.lock",
				"${PODS_ROOT}/Manifest.lock",
			);
			name = "[CP] Check Pods Manifest.lock";
			outputPaths = (
				"$(DERIVED_FILE_DIR)/Pods-TyperMemoUITests-checkManifestLockResult.txt",
			);
			runOnlyForDeploymentPostprocessing = 0;
			shellPath = /bin/sh;
			shellScript = "diff \"${PODS_PODFILE_DIR_PATH}/Podfile.lock\" \"${PODS_ROOT}/Manifest.lock\" > /dev/null\nif [ $? != 0 ] ; then\n    # print error to STDERR\n    echo \"error: The sandbox is not in sync with the Podfile.lock. Run 'pod install' or update your CocoaPods installation.\" >&2\n    exit 1\nfi\n# This output is used by Xcode 'outputs' to avoid re-running this script phase.\necho \"SUCCESS\" > \"${SCRIPT_OUTPUT_FILE_0}\"\n";
			showEnvVarsInLog = 0;
		};
		C4010E4A2752D01F085AAA46 /* [CP] Copy Pods Resources */ = {
			isa = PBXShellScriptBuildPhase;
			buildActionMask = 2147483647;
			files = (
			);
			inputPaths = (
			);
			name = "[CP] Copy Pods Resources";
			outputPaths = (
			);
			runOnlyForDeploymentPostprocessing = 0;
			shellPath = /bin/sh;
			shellScript = "\"${SRCROOT}/Pods/Target Support Files/Pods-TyperMemoUITests/Pods-TyperMemoUITests-resources.sh\"\n";
			showEnvVarsInLog = 0;
		};
		CF42814D86C14D1202CAD488 /* [CP] Check Pods Manifest.lock */ = {
			isa = PBXShellScriptBuildPhase;
			buildActionMask = 2147483647;
			files = (
			);
			inputPaths = (
				"${PODS_PODFILE_DIR_PATH}/Podfile.lock",
				"${PODS_ROOT}/Manifest.lock",
			);
			name = "[CP] Check Pods Manifest.lock";
			outputPaths = (
				"$(DERIVED_FILE_DIR)/Pods-TyperMemo-checkManifestLockResult.txt",
			);
			runOnlyForDeploymentPostprocessing = 0;
			shellPath = /bin/sh;
			shellScript = "diff \"${PODS_PODFILE_DIR_PATH}/Podfile.lock\" \"${PODS_ROOT}/Manifest.lock\" > /dev/null\nif [ $? != 0 ] ; then\n    # print error to STDERR\n    echo \"error: The sandbox is not in sync with the Podfile.lock. Run 'pod install' or update your CocoaPods installation.\" >&2\n    exit 1\nfi\n# This output is used by Xcode 'outputs' to avoid re-running this script phase.\necho \"SUCCESS\" > \"${SCRIPT_OUTPUT_FILE_0}\"\n";
			showEnvVarsInLog = 0;
		};
		DE7B794C685EF61EAF16B1C1 /* [CP] Embed Pods Frameworks */ = {
			isa = PBXShellScriptBuildPhase;
			buildActionMask = 2147483647;
			files = (
			);
			inputPaths = (
				"${SRCROOT}/Pods/Target Support Files/Pods-TyperMemoUITests/Pods-TyperMemoUITests-frameworks.sh",
				"${BUILT_PRODUCTS_DIR}/Nimble/Nimble.framework",
				"${BUILT_PRODUCTS_DIR}/Quick/Quick.framework",
			);
			name = "[CP] Embed Pods Frameworks";
			outputPaths = (
				"${TARGET_BUILD_DIR}/${FRAMEWORKS_FOLDER_PATH}/Nimble.framework",
				"${TARGET_BUILD_DIR}/${FRAMEWORKS_FOLDER_PATH}/Quick.framework",
			);
			runOnlyForDeploymentPostprocessing = 0;
			shellPath = /bin/sh;
			shellScript = "\"${SRCROOT}/Pods/Target Support Files/Pods-TyperMemoUITests/Pods-TyperMemoUITests-frameworks.sh\"\n";
			showEnvVarsInLog = 0;
		};
		E00C3A8F30CB21DD53EBE5D3 /* [CP] Copy Pods Resources */ = {
			isa = PBXShellScriptBuildPhase;
			buildActionMask = 2147483647;
			files = (
			);
			inputPaths = (
			);
			name = "[CP] Copy Pods Resources";
			outputPaths = (
			);
			runOnlyForDeploymentPostprocessing = 0;
			shellPath = /bin/sh;
			shellScript = "\"${SRCROOT}/Pods/Target Support Files/Pods-TyperMemo/Pods-TyperMemo-resources.sh\"\n";
			showEnvVarsInLog = 0;
		};
		E0BE9881F6FF72469A4C409E /* [CP] Embed Pods Frameworks */ = {
			isa = PBXShellScriptBuildPhase;
			buildActionMask = 2147483647;
			files = (
			);
			inputPaths = (
				"${SRCROOT}/Pods/Target Support Files/Pods-TyperMemoTests/Pods-TyperMemoTests-frameworks.sh",
				"${BUILT_PRODUCTS_DIR}/Nimble/Nimble.framework",
				"${BUILT_PRODUCTS_DIR}/Quick/Quick.framework",
			);
			name = "[CP] Embed Pods Frameworks";
			outputPaths = (
				"${TARGET_BUILD_DIR}/${FRAMEWORKS_FOLDER_PATH}/Nimble.framework",
				"${TARGET_BUILD_DIR}/${FRAMEWORKS_FOLDER_PATH}/Quick.framework",
			);
			runOnlyForDeploymentPostprocessing = 0;
			shellPath = /bin/sh;
			shellScript = "\"${SRCROOT}/Pods/Target Support Files/Pods-TyperMemoTests/Pods-TyperMemoTests-frameworks.sh\"\n";
			showEnvVarsInLog = 0;
		};
/* End PBXShellScriptBuildPhase section */

/* Begin PBXSourcesBuildPhase section */
		BD1FDFE9215966E80064A8D8 /* Sources */ = {
			isa = PBXSourcesBuildPhase;
			buildActionMask = 2147483647;
			files = (
				BD1FDFFD215968FD0064A8D8 /* AccIdentifier.swift in Sources */,
				BD1FDFFB215967290064A8D8 /* LabelViewControllerTest.swift in Sources */,
				BD1FDFF8215966F80064A8D8 /* UITestCase.swift in Sources */,
				BD7F9175215B1980001DE5E0 /* GeneratedMocks.swift in Sources */,
			);
			runOnlyForDeploymentPostprocessing = 0;
		};
		BD81DDD8214C854000526054 /* Sources */ = {
			isa = PBXSourcesBuildPhase;
			buildActionMask = 2147483647;
			files = (
				BD1FDFFE215969A80064A8D8 /* AccIdentifier.swift in Sources */,
				BD88A27A2163FA88004AFCBE /* HasDisposeBag.swift in Sources */,
				BDA7F32021637FD8002D9F3B /* DisposeBagAcceptable.swift in Sources */,
				BDE111CE2156A95D0010FBD9 /* LabelViewController.swift in Sources */,
				BD31585021680D17006DEDC9 /* AddMemoViewController.swift in Sources */,
				BD27CBEA216787F200C805B4 /* RedButton.swift in Sources */,
				BDE111CF2156A95D0010FBD9 /* LabelReactor.swift in Sources */,
				BD88A2712163E868004AFCBE /* PersistenceError.swift in Sources */,
				BD780E20214C9CD300FA9FDF /* Memo.swift in Sources */,
				BD81DDE2214C854000526054 /* MainViewController.swift in Sources */,
				BD81DDE8214C854000526054 /* TyperMemo.xcdatamodeld in Sources */,
				BD81DE38214C903000526054 /* Assets.swift in Sources */,
				BD81DDE0214C854000526054 /* AppDelegate.swift in Sources */,
				BD4BBB27215907F300ED00C3 /* Dimens.swift in Sources */,
				BD780E28214CA10200FA9FDF /* Label.swift in Sources */,
				BD70173B21559FE900093C55 /* MemoSectionController.swift in Sources */,
				BD05CA812164535E00D9DEE0 /* String+.swift in Sources */,
				BDC4D8B0216317A200ED5404 /* ColorThemeCollectionCell.swift in Sources */,
				BDE111D42156AE200010FBD9 /* MemoServiceType.swift in Sources */,
				BDE111D22156ADE30010FBD9 /* ServiceProvider.swift in Sources */,
				BD0FD1062158A60800EAE5E0 /* LabelViewModel.swift in Sources */,
				BDC0E9E12153BF1400BE8EE3 /* RealmMigration.swift in Sources */,
				BD7F917D215B2EF1001DE5E0 /* RealmServiceType.swift in Sources */,
				BD81DE39214C903000526054 /* L10n.swift in Sources */,
				BDC4D8B2216317B500ED5404 /* ColorThemeType.swift in Sources */,
				BDC4D8AF216317A200ED5404 /* ColorThemeReactor.swift in Sources */,
				BD4BBB062158E11D00ED00C3 /* UIScrollView+Rx.swift in Sources */,
				BD0FD10121589BFD00EAE5E0 /* NewLabelCell.swift in Sources */,
				BDFCBA0C21566BF2008B935E /* UIViewController+Rx.swift in Sources */,
				BD5653D521565ABE00F378F0 /* MemoViewModel.swift in Sources */,
				BDB5514421633B84001B0138 /* AppDelegate+Deallocation.swift in Sources */,
				BD27CBEE2167974600C805B4 /* CGUtility.swift in Sources */,
				BDE111DA2156B5560010FBD9 /* Realm+Config.swift in Sources */,
				BDE111CD2156A8440010FBD9 /* SwinjectStoryboard+setUp.swift in Sources */,
				BD81DE3A214C903000526054 /* MyColor.swift in Sources */,
				BDA7F32321638400002D9F3B /* AssociatedObjectStore.swift in Sources */,
				BD4BBB172158F92C00ED00C3 /* NewLabelModel.swift in Sources */,
				BD4723CF214F2E28002D84D2 /* UIColor+String.swift in Sources */,
				BDB5514221633B6D001B0138 /* DeallocationView.swift in Sources */,
				BDBF37062158DA7F00953C77 /* ExistLabelCell.swift in Sources */,
				BDC4D8AE216317A200ED5404 /* ColorThemeContainer.swift in Sources */,
				BD27CBE8216783EB00C805B4 /* UIView+IBInspectable.swift in Sources */,
				BD1FDFBE21594FF70064A8D8 /* StoryboardInitializable.swift in Sources */,
				BD4723C5214E8FE8002D84D2 /* ColorTheme.swift in Sources */,
				BD88A2782163F43B004AFCBE /* ColorTheme+DataSource.swift in Sources */,
				BDFC8A802155BBCE00A042B5 /* AppSupports.swift in Sources */,
				BDFC8A7B2155AD5E00A042B5 /* MemoViewCell.swift in Sources */,
				BD0FD0F02158966C00EAE5E0 /* LabelSectionController.swift in Sources */,
				BD31585421680EEA006DEDC9 /* AddMemoReactor.swift in Sources */,
				BD88A2672163DD46004AFCBE /* TempViewController.swift in Sources */,
				BDE111D82156B3770010FBD9 /* LabelServiceType.swift in Sources */,
				BD780E26214C9F7100FA9FDF /* CheckItem.swift in Sources */,
				BDC4D8AD216317A200ED5404 /* ColorThemeModel.swift in Sources */,
			);
			runOnlyForDeploymentPostprocessing = 0;
		};
		BD81DDEF214C854100526054 /* Sources */ = {
			isa = PBXSourcesBuildPhase;
			buildActionMask = 2147483647;
			files = (
				BD4723C7214E90C4002D84D2 /* ColorThemeTest.swift in Sources */,
				BD472165215081850015740A /* GeneratedMocks.swift in Sources */,
				BD1C7FA6214E661D00C58B67 /* RealmSpec.swift in Sources */,
				BDE111E02157382B0010FBD9 /* LabelReactorTest.swift in Sources */,
				BDACB9DE21520A6D00AE2C50 /* FakeRealmCollectionValue.swift in Sources */,
				BD81DDF8214C854100526054 /* TyperMemoTests.swift in Sources */,
				BD7F917F215BA0FA001DE5E0 /* TestError.swift in Sources */,
				BD05CA8321645A0700D9DEE0 /* UIColor+HexTest.swift in Sources */,
				BD1C7FB0214E819700C58B67 /* LabelTest.swift in Sources */,
				BD7F9179215B2249001DE5E0 /* LabelReactorWithRealmTest.swift in Sources */,
				BD1C7FA8214E68E600C58B67 /* MemoTest.swift in Sources */,
			);
			runOnlyForDeploymentPostprocessing = 0;
		};
/* End PBXSourcesBuildPhase section */

/* Begin PBXTargetDependency section */
		BD1FDFF3215966E80064A8D8 /* PBXTargetDependency */ = {
			isa = PBXTargetDependency;
			target = BD81DDDB214C854000526054 /* TyperMemo */;
			targetProxy = BD1FDFF2215966E80064A8D8 /* PBXContainerItemProxy */;
		};
		BD81DDF5214C854100526054 /* PBXTargetDependency */ = {
			isa = PBXTargetDependency;
			target = BD81DDDB214C854000526054 /* TyperMemo */;
			targetProxy = BD81DDF4214C854100526054 /* PBXContainerItemProxy */;
		};
/* End PBXTargetDependency section */

/* Begin PBXVariantGroup section */
		BD0FD0F62158979700EAE5E0 /* Label.storyboard */ = {
			isa = PBXVariantGroup;
			children = (
				BD0FD0F72158979700EAE5E0 /* Base */,
			);
			name = Label.storyboard;
			sourceTree = "<group>";
		};
		BD81DDE3214C854000526054 /* Main.storyboard */ = {
			isa = PBXVariantGroup;
			children = (
				BD81DDE4214C854000526054 /* Base */,
				BD81DE2D214C8FE900526054 /* ko */,
			);
			name = Main.storyboard;
			sourceTree = "<group>";
		};
		BD81DDEB214C854100526054 /* LaunchScreen.storyboard */ = {
			isa = PBXVariantGroup;
			children = (
				BD81DDEC214C854100526054 /* Base */,
				BD81DE2E214C8FE900526054 /* ko */,
			);
			name = LaunchScreen.storyboard;
			sourceTree = "<group>";
		};
		BDBF37002158D86300953C77 /* Localizable.strings */ = {
			isa = PBXVariantGroup;
			children = (
				BDBF37012158D86300953C77 /* Base */,
			);
			name = Localizable.strings;
			sourceTree = "<group>";
		};
/* End PBXVariantGroup section */

/* Begin XCBuildConfiguration section */
		BD1FDFF5215966E80064A8D8 /* Debug */ = {
			isa = XCBuildConfiguration;
			baseConfigurationReference = E195EA646989D473F3C0C519 /* Pods-TyperMemoUITests.debug.xcconfig */;
			buildSettings = {
				CODE_SIGN_STYLE = Automatic;
				DEVELOPMENT_TEAM = SFSNP72DLD;
				FRAMEWORK_SEARCH_PATHS = (
					"$(inherited)",
					"$(PROJECT_DIR)/Carthage/Build/iOS",
				);
				INFOPLIST_FILE = TyperMemoUITests/Info.plist;
				IPHONEOS_DEPLOYMENT_TARGET = 11.0;
				LD_RUNPATH_SEARCH_PATHS = (
					"$(inherited)",
					"@executable_path/Frameworks",
					"@loader_path/Frameworks",
				);
				PRODUCT_BUNDLE_IDENTIFIER = com.hucet.tyler.TyperMemoUITests;
				PRODUCT_NAME = "$(TARGET_NAME)";
				SWIFT_ACTIVE_COMPILATION_CONDITIONS = "DEBUG TEST";
				SWIFT_VERSION = 4.2;
				TARGETED_DEVICE_FAMILY = "1,2";
				TEST_TARGET_NAME = TyperMemo;
			};
			name = Debug;
		};
		BD1FDFF6215966E80064A8D8 /* Release */ = {
			isa = XCBuildConfiguration;
			baseConfigurationReference = 006F8AE46E189167BAF12D0E /* Pods-TyperMemoUITests.release.xcconfig */;
			buildSettings = {
				CODE_SIGN_STYLE = Automatic;
				DEVELOPMENT_TEAM = SFSNP72DLD;
				FRAMEWORK_SEARCH_PATHS = (
					"$(inherited)",
					"$(PROJECT_DIR)/Carthage/Build/iOS",
				);
				INFOPLIST_FILE = TyperMemoUITests/Info.plist;
				IPHONEOS_DEPLOYMENT_TARGET = 11.0;
				LD_RUNPATH_SEARCH_PATHS = (
					"$(inherited)",
					"@executable_path/Frameworks",
					"@loader_path/Frameworks",
				);
				PRODUCT_BUNDLE_IDENTIFIER = com.hucet.tyler.TyperMemoUITests;
				PRODUCT_NAME = "$(TARGET_NAME)";
				SWIFT_VERSION = 4.2;
				TARGETED_DEVICE_FAMILY = "1,2";
				TEST_TARGET_NAME = TyperMemo;
			};
			name = Release;
		};
		BD81DE05214C854200526054 /* Debug */ = {
			isa = XCBuildConfiguration;
			buildSettings = {
				ALWAYS_SEARCH_USER_PATHS = NO;
				CLANG_ANALYZER_LOCALIZABILITY_NONLOCALIZED = YES;
				CLANG_ANALYZER_NONNULL = YES;
				CLANG_ANALYZER_NUMBER_OBJECT_CONVERSION = YES_AGGRESSIVE;
				CLANG_CXX_LANGUAGE_STANDARD = "gnu++14";
				CLANG_CXX_LIBRARY = "libc++";
				CLANG_ENABLE_MODULES = YES;
				CLANG_ENABLE_OBJC_ARC = YES;
				CLANG_ENABLE_OBJC_WEAK = YES;
				CLANG_WARN_BLOCK_CAPTURE_AUTORELEASING = YES;
				CLANG_WARN_BOOL_CONVERSION = YES;
				CLANG_WARN_COMMA = YES;
				CLANG_WARN_CONSTANT_CONVERSION = YES;
				CLANG_WARN_DEPRECATED_OBJC_IMPLEMENTATIONS = YES;
				CLANG_WARN_DIRECT_OBJC_ISA_USAGE = YES_ERROR;
				CLANG_WARN_DOCUMENTATION_COMMENTS = YES;
				CLANG_WARN_EMPTY_BODY = YES;
				CLANG_WARN_ENUM_CONVERSION = YES;
				CLANG_WARN_INFINITE_RECURSION = YES;
				CLANG_WARN_INT_CONVERSION = YES;
				CLANG_WARN_NON_LITERAL_NULL_CONVERSION = YES;
				CLANG_WARN_OBJC_IMPLICIT_RETAIN_SELF = YES;
				CLANG_WARN_OBJC_LITERAL_CONVERSION = YES;
				CLANG_WARN_OBJC_ROOT_CLASS = YES_ERROR;
				CLANG_WARN_RANGE_LOOP_ANALYSIS = YES;
				CLANG_WARN_STRICT_PROTOTYPES = YES;
				CLANG_WARN_SUSPICIOUS_MOVE = YES;
				CLANG_WARN_UNGUARDED_AVAILABILITY = YES_AGGRESSIVE;
				CLANG_WARN_UNREACHABLE_CODE = YES;
				CLANG_WARN__DUPLICATE_METHOD_MATCH = YES;
				CODE_SIGN_IDENTITY = "iPhone Developer";
				COPY_PHASE_STRIP = NO;
				DEBUG_INFORMATION_FORMAT = dwarf;
				ENABLE_STRICT_OBJC_MSGSEND = YES;
				ENABLE_TESTABILITY = YES;
				GCC_C_LANGUAGE_STANDARD = gnu11;
				GCC_DYNAMIC_NO_PIC = NO;
				GCC_NO_COMMON_BLOCKS = YES;
				GCC_OPTIMIZATION_LEVEL = 0;
				GCC_PREPROCESSOR_DEFINITIONS = (
					"DEBUG=1",
					"$(inherited)",
				);
				GCC_WARN_64_TO_32_BIT_CONVERSION = YES;
				GCC_WARN_ABOUT_RETURN_TYPE = YES_ERROR;
				GCC_WARN_UNDECLARED_SELECTOR = YES;
				GCC_WARN_UNINITIALIZED_AUTOS = YES_AGGRESSIVE;
				GCC_WARN_UNUSED_FUNCTION = YES;
				GCC_WARN_UNUSED_VARIABLE = YES;
				IPHONEOS_DEPLOYMENT_TARGET = 11.0;
				MTL_ENABLE_DEBUG_INFO = YES;
				ONLY_ACTIVE_ARCH = YES;
				SDKROOT = iphoneos;
				SWIFT_ACTIVE_COMPILATION_CONDITIONS = DEBUG;
				SWIFT_OPTIMIZATION_LEVEL = "-Onone";
				SWIFT_VERSION = 4.2;
			};
			name = Debug;
		};
		BD81DE06214C854200526054 /* Release */ = {
			isa = XCBuildConfiguration;
			buildSettings = {
				ALWAYS_SEARCH_USER_PATHS = NO;
				CLANG_ANALYZER_LOCALIZABILITY_NONLOCALIZED = YES;
				CLANG_ANALYZER_NONNULL = YES;
				CLANG_ANALYZER_NUMBER_OBJECT_CONVERSION = YES_AGGRESSIVE;
				CLANG_CXX_LANGUAGE_STANDARD = "gnu++14";
				CLANG_CXX_LIBRARY = "libc++";
				CLANG_ENABLE_MODULES = YES;
				CLANG_ENABLE_OBJC_ARC = YES;
				CLANG_ENABLE_OBJC_WEAK = YES;
				CLANG_WARN_BLOCK_CAPTURE_AUTORELEASING = YES;
				CLANG_WARN_BOOL_CONVERSION = YES;
				CLANG_WARN_COMMA = YES;
				CLANG_WARN_CONSTANT_CONVERSION = YES;
				CLANG_WARN_DEPRECATED_OBJC_IMPLEMENTATIONS = YES;
				CLANG_WARN_DIRECT_OBJC_ISA_USAGE = YES_ERROR;
				CLANG_WARN_DOCUMENTATION_COMMENTS = YES;
				CLANG_WARN_EMPTY_BODY = YES;
				CLANG_WARN_ENUM_CONVERSION = YES;
				CLANG_WARN_INFINITE_RECURSION = YES;
				CLANG_WARN_INT_CONVERSION = YES;
				CLANG_WARN_NON_LITERAL_NULL_CONVERSION = YES;
				CLANG_WARN_OBJC_IMPLICIT_RETAIN_SELF = YES;
				CLANG_WARN_OBJC_LITERAL_CONVERSION = YES;
				CLANG_WARN_OBJC_ROOT_CLASS = YES_ERROR;
				CLANG_WARN_RANGE_LOOP_ANALYSIS = YES;
				CLANG_WARN_STRICT_PROTOTYPES = YES;
				CLANG_WARN_SUSPICIOUS_MOVE = YES;
				CLANG_WARN_UNGUARDED_AVAILABILITY = YES_AGGRESSIVE;
				CLANG_WARN_UNREACHABLE_CODE = YES;
				CLANG_WARN__DUPLICATE_METHOD_MATCH = YES;
				CODE_SIGN_IDENTITY = "iPhone Developer";
				COPY_PHASE_STRIP = NO;
				DEBUG_INFORMATION_FORMAT = "dwarf-with-dsym";
				ENABLE_NS_ASSERTIONS = NO;
				ENABLE_STRICT_OBJC_MSGSEND = YES;
				GCC_C_LANGUAGE_STANDARD = gnu11;
				GCC_NO_COMMON_BLOCKS = YES;
				GCC_WARN_64_TO_32_BIT_CONVERSION = YES;
				GCC_WARN_ABOUT_RETURN_TYPE = YES_ERROR;
				GCC_WARN_UNDECLARED_SELECTOR = YES;
				GCC_WARN_UNINITIALIZED_AUTOS = YES_AGGRESSIVE;
				GCC_WARN_UNUSED_FUNCTION = YES;
				GCC_WARN_UNUSED_VARIABLE = YES;
				IPHONEOS_DEPLOYMENT_TARGET = 11.0;
				MTL_ENABLE_DEBUG_INFO = NO;
				SDKROOT = iphoneos;
				SWIFT_COMPILATION_MODE = wholemodule;
				SWIFT_OPTIMIZATION_LEVEL = "-O";
				SWIFT_VERSION = 4.2;
				VALIDATE_PRODUCT = YES;
			};
			name = Release;
		};
		BD81DE08214C854200526054 /* Debug */ = {
			isa = XCBuildConfiguration;
			baseConfigurationReference = 3A314C1A929D40263F2969F0 /* Pods-TyperMemo.debug.xcconfig */;
			buildSettings = {
				ALWAYS_EMBED_SWIFT_STANDARD_LIBRARIES = "$(inherited)";
				ASSETCATALOG_COMPILER_APPICON_NAME = AppIcon;
				CODE_SIGN_STYLE = Automatic;
				DEVELOPMENT_TEAM = SFSNP72DLD;
				FRAMEWORK_SEARCH_PATHS = (
					"$(inherited)",
					"$(PROJECT_DIR)/Carthage/Build/iOS",
				);
				INFOPLIST_FILE = Source/Info.plist;
				IPHONEOS_DEPLOYMENT_TARGET = 11.0;
				LD_RUNPATH_SEARCH_PATHS = (
					"$(inherited)",
					"@executable_path/Frameworks",
				);
				PRODUCT_BUNDLE_IDENTIFIER = com.hucet.tyler.TyperMemo;
				PRODUCT_NAME = "$(TARGET_NAME)";
				SWIFT_ACTIVE_COMPILATION_CONDITIONS = "DEBUG TEST";
				SWIFT_VERSION = 4.2;
				TARGETED_DEVICE_FAMILY = "1,2";
			};
			name = Debug;
		};
		BD81DE09214C854200526054 /* Release */ = {
			isa = XCBuildConfiguration;
			baseConfigurationReference = 140F670253CFD21A1DB0D703 /* Pods-TyperMemo.release.xcconfig */;
			buildSettings = {
				ASSETCATALOG_COMPILER_APPICON_NAME = AppIcon;
				CODE_SIGN_STYLE = Automatic;
				DEVELOPMENT_TEAM = SFSNP72DLD;
				FRAMEWORK_SEARCH_PATHS = (
					"$(inherited)",
					"$(PROJECT_DIR)/Carthage/Build/iOS",
				);
				INFOPLIST_FILE = Source/Info.plist;
				IPHONEOS_DEPLOYMENT_TARGET = 11.0;
				LD_RUNPATH_SEARCH_PATHS = (
					"$(inherited)",
					"@executable_path/Frameworks",
				);
				PRODUCT_BUNDLE_IDENTIFIER = com.hucet.tyler.TyperMemo;
				PRODUCT_NAME = "$(TARGET_NAME)";
				SWIFT_VERSION = 4.2;
				TARGETED_DEVICE_FAMILY = "1,2";
			};
			name = Release;
		};
		BD81DE0B214C854200526054 /* Debug */ = {
			isa = XCBuildConfiguration;
			baseConfigurationReference = 94A36D3E079F46FF3E7E270E /* Pods-TyperMemoTests.debug.xcconfig */;
			buildSettings = {
				ALWAYS_EMBED_SWIFT_STANDARD_LIBRARIES = "$(inherited)";
				BUNDLE_LOADER = "$(TEST_HOST)";
				CODE_SIGN_STYLE = Automatic;
				DEVELOPMENT_TEAM = SFSNP72DLD;
				FRAMEWORK_SEARCH_PATHS = (
					"$(inherited)",
					"$(PROJECT_DIR)/Carthage/Build/iOS",
				);
				INFOPLIST_FILE = TyperMemoTests/Info.plist;
				IPHONEOS_DEPLOYMENT_TARGET = 11.0;
				LD_RUNPATH_SEARCH_PATHS = (
					"$(inherited)",
					"@executable_path/Frameworks",
					"@loader_path/Frameworks",
				);
				PRODUCT_BUNDLE_IDENTIFIER = com.hucet.tyler.TyperMemoTests;
				PRODUCT_NAME = "$(TARGET_NAME)";
				SWIFT_ACTIVE_COMPILATION_CONDITIONS = "DEBUG TEST";
				SWIFT_VERSION = 4.2;
				TARGETED_DEVICE_FAMILY = "1,2";
				TEST_HOST = "$(BUILT_PRODUCTS_DIR)/TyperMemo.app/TyperMemo";
			};
			name = Debug;
		};
		BD81DE0C214C854200526054 /* Release */ = {
			isa = XCBuildConfiguration;
			baseConfigurationReference = 3456891B03C77DE9BD59E7AD /* Pods-TyperMemoTests.release.xcconfig */;
			buildSettings = {
				ALWAYS_EMBED_SWIFT_STANDARD_LIBRARIES = "$(inherited)";
				BUNDLE_LOADER = "$(TEST_HOST)";
				CODE_SIGN_STYLE = Automatic;
				DEVELOPMENT_TEAM = SFSNP72DLD;
				FRAMEWORK_SEARCH_PATHS = (
					"$(inherited)",
					"$(PROJECT_DIR)/Carthage/Build/iOS",
				);
				INFOPLIST_FILE = TyperMemoTests/Info.plist;
				IPHONEOS_DEPLOYMENT_TARGET = 11.0;
				LD_RUNPATH_SEARCH_PATHS = (
					"$(inherited)",
					"@executable_path/Frameworks",
					"@loader_path/Frameworks",
				);
				PRODUCT_BUNDLE_IDENTIFIER = com.hucet.tyler.TyperMemoTests;
				PRODUCT_NAME = "$(TARGET_NAME)";
				SWIFT_VERSION = 4.2;
				TARGETED_DEVICE_FAMILY = "1,2";
				TEST_HOST = "$(BUILT_PRODUCTS_DIR)/TyperMemo.app/TyperMemo";
			};
			name = Release;
		};
/* End XCBuildConfiguration section */

/* Begin XCConfigurationList section */
		BD1FDFF4215966E80064A8D8 /* Build configuration list for PBXNativeTarget "TyperMemoUITests" */ = {
			isa = XCConfigurationList;
			buildConfigurations = (
				BD1FDFF5215966E80064A8D8 /* Debug */,
				BD1FDFF6215966E80064A8D8 /* Release */,
			);
			defaultConfigurationIsVisible = 0;
			defaultConfigurationName = Release;
		};
		BD81DDD7214C854000526054 /* Build configuration list for PBXProject "TyperMemo" */ = {
			isa = XCConfigurationList;
			buildConfigurations = (
				BD81DE05214C854200526054 /* Debug */,
				BD81DE06214C854200526054 /* Release */,
			);
			defaultConfigurationIsVisible = 0;
			defaultConfigurationName = Release;
		};
		BD81DE07214C854200526054 /* Build configuration list for PBXNativeTarget "TyperMemo" */ = {
			isa = XCConfigurationList;
			buildConfigurations = (
				BD81DE08214C854200526054 /* Debug */,
				BD81DE09214C854200526054 /* Release */,
			);
			defaultConfigurationIsVisible = 0;
			defaultConfigurationName = Release;
		};
		BD81DE0A214C854200526054 /* Build configuration list for PBXNativeTarget "TyperMemoTests" */ = {
			isa = XCConfigurationList;
			buildConfigurations = (
				BD81DE0B214C854200526054 /* Debug */,
				BD81DE0C214C854200526054 /* Release */,
			);
			defaultConfigurationIsVisible = 0;
			defaultConfigurationName = Release;
		};
/* End XCConfigurationList section */

/* Begin XCVersionGroup section */
		BD81DDE6214C854000526054 /* TyperMemo.xcdatamodeld */ = {
			isa = XCVersionGroup;
			children = (
				BD81DDE7214C854000526054 /* TyperMemo.xcdatamodel */,
			);
			currentVersion = BD81DDE7214C854000526054 /* TyperMemo.xcdatamodel */;
			path = TyperMemo.xcdatamodeld;
			sourceTree = "<group>";
			versionGroupType = wrapper.xcdatamodel;
		};
/* End XCVersionGroup section */
	};
	rootObject = BD81DDD4214C854000526054 /* Project object */;
}
